# THIS IS AN AUTOGENERATED FILE. DO NOT EDIT THIS FILE DIRECTLY.
# yarn lockfile v1


"@babel/code-frame@^7.16.0":
  version "7.16.0"
  resolved "https://registry.yarnpkg.com/@babel/code-frame/-/code-frame-7.16.0.tgz#0dfc80309beec8411e65e706461c408b0bb9b431"
  dependencies:
    "@babel/highlight" "^7.16.0"

"@babel/helper-validator-identifier@^7.15.7":
  version "7.15.7"
  resolved "https://registry.yarnpkg.com/@babel/helper-validator-identifier/-/helper-validator-identifier-7.15.7.tgz#220df993bfe904a4a6b02ab4f3385a5ebf6e2389"

"@babel/highlight@^7.16.0":
  version "7.16.0"
  resolved "https://registry.yarnpkg.com/@babel/highlight/-/highlight-7.16.0.tgz#6ceb32b2ca4b8f5f361fb7fd821e3fddf4a1725a"
  dependencies:
    "@babel/helper-validator-identifier" "^7.15.7"
    chalk "^2.0.0"
    js-tokens "^4.0.0"

"@npmcli/config@^4.0.0":
  version "4.1.0"
  resolved "https://registry.yarnpkg.com/@npmcli/config/-/config-4.1.0.tgz#5c92e5ded2a44baf76b94926646329c3b39e79b8"
  dependencies:
    "@npmcli/map-workspaces" "^2.0.2"
    ini "^3.0.0"
    mkdirp-infer-owner "^2.0.0"
    nopt "^5.0.0"
    proc-log "^2.0.0"
    read-package-json-fast "^2.0.3"
    semver "^7.3.5"
    walk-up-path "^1.0.0"

"@npmcli/map-workspaces@^2.0.2":
  version "2.0.3"
  resolved "https://registry.yarnpkg.com/@npmcli/map-workspaces/-/map-workspaces-2.0.3.tgz#2d3c75119ee53246e9aa75bc469a55281cd5f08f"
  dependencies:
    "@npmcli/name-from-folder" "^1.0.1"
    glob "^8.0.1"
    minimatch "^5.0.1"
    read-package-json-fast "^2.0.3"

"@npmcli/name-from-folder@^1.0.1":
  version "1.0.1"
  resolved "https://registry.yarnpkg.com/@npmcli/name-from-folder/-/name-from-folder-1.0.1.tgz#77ecd0a4fcb772ba6fe927e2e2e155fbec2e6b1a"

"@types/concat-stream@^2.0.0":
  version "2.0.0"
  resolved "https://registry.yarnpkg.com/@types/concat-stream/-/concat-stream-2.0.0.tgz#a716f0ba9015014e643addb351da05a73bef425c"
  dependencies:
    "@types/node" "*"

"@types/debug@^4.0.0":
  version "4.1.7"
  resolved "https://registry.yarnpkg.com/@types/debug/-/debug-4.1.7.tgz#7cc0ea761509124709b8b2d1090d8f6c17aadb82"
  dependencies:
    "@types/ms" "*"

"@types/estree-jsx@^0.0.1":
  version "0.0.1"
  resolved "https://registry.yarnpkg.com/@types/estree-jsx/-/estree-jsx-0.0.1.tgz#c36d7a1afeb47a95a8ee0b7bc8bc705db38f919d"
  dependencies:
    "@types/estree" "*"

"@types/estree@*":
  version "0.0.50"
  resolved "https://registry.yarnpkg.com/@types/estree/-/estree-0.0.50.tgz#1e0caa9364d3fccd2931c3ed96fdbeaa5d4cca83"

"@types/is-empty@^1.0.0":
  version "1.2.1"
  resolved "https://registry.yarnpkg.com/@types/is-empty/-/is-empty-1.2.1.tgz#18d7256a73e43ec51f8b75c25fbdc31350be52a6"

"@types/mdast@^3.0.0":
  version "3.0.3"
  resolved "https://registry.yarnpkg.com/@types/mdast/-/mdast-3.0.3.tgz#2d7d671b1cd1ea3deb306ea75036c2a0407d2deb"
  dependencies:
    "@types/unist" "*"

"@types/ms@*":
  version "0.7.31"
  resolved "https://registry.yarnpkg.com/@types/ms/-/ms-0.7.31.tgz#31b7ca6407128a3d2bbc27fe2d21b345397f6197"

"@types/node@*":
  version "17.0.5"
  resolved "https://registry.yarnpkg.com/@types/node/-/node-17.0.5.tgz#57ca67ec4e57ad9e4ef5a6bab48a15387a1c83e0"

"@types/node@^18.0.0":
  version "18.0.0"
  resolved "https://registry.yarnpkg.com/@types/node/-/node-18.0.0.tgz#67c7b724e1bcdd7a8821ce0d5ee184d3b4dd525a"

"@types/supports-color@^8.0.0":
  version "8.1.1"
  resolved "https://registry.yarnpkg.com/@types/supports-color/-/supports-color-8.1.1.tgz#1b44b1b096479273adf7f93c75fc4ecc40a61ee4"

"@types/text-table@^0.2.0":
  version "0.2.2"
  resolved "https://registry.yarnpkg.com/@types/text-table/-/text-table-0.2.2.tgz#774c90cfcfbc8b4b0ebb00fecbe861dc8b1e8e26"

"@types/unist@*", "@types/unist@^2.0.0":
  version "2.0.3"
  resolved "https://registry.yarnpkg.com/@types/unist/-/unist-2.0.3.tgz#9c088679876f374eb5983f150d4787aa6fb32d7e"

abbrev@1:
  version "1.1.1"
  resolved "https://registry.yarnpkg.com/abbrev/-/abbrev-1.1.1.tgz#f8f2c887ad10bf67f634f005b6987fed3179aac8"

ansi-regex@^6.0.1:
  version "6.0.1"
  resolved "https://registry.yarnpkg.com/ansi-regex/-/ansi-regex-6.0.1.tgz#3183e38fae9a65d7cb5e53945cd5897d0260a06a"

ansi-styles@^3.2.1:
  version "3.2.1"
  resolved "https://registry.yarnpkg.com/ansi-styles/-/ansi-styles-3.2.1.tgz#41fbb20243e50b12be0f04b8dedbf07520ce841d"
  dependencies:
    color-convert "^1.9.0"

anymatch@~3.1.1:
  version "3.1.2"
  resolved "https://registry.yarnpkg.com/anymatch/-/anymatch-3.1.2.tgz#c0557c096af32f106198f4f4e2a383537e378716"
  dependencies:
    normalize-path "^3.0.0"
    picomatch "^2.0.4"

array-each@^1.0.1:
  version "1.0.1"
  resolved "https://registry.yarnpkg.com/array-each/-/array-each-1.0.1.tgz#a794af0c05ab1752846ee753a1f211a05ba0c44f"

array-slice@^1.0.0:
  version "1.1.0"
  resolved "https://registry.yarnpkg.com/array-slice/-/array-slice-1.1.0.tgz#e368ea15f89bc7069f7ffb89aec3a6c7d4ac22d4"

bail@^2.0.0:
  version "2.0.2"
  resolved "https://registry.yarnpkg.com/bail/-/bail-2.0.2.tgz#d26f5cd8fe5d6f832a31517b9f7c356040ba6d5d"

balanced-match@^1.0.0:
  version "1.0.2"
  resolved "https://registry.yarnpkg.com/balanced-match/-/balanced-match-1.0.2.tgz#e83e3a7e3f300b34cb9d87f615fa0cbf357690ee"

binary-extensions@^2.0.0:
  version "2.2.0"
  resolved "https://registry.yarnpkg.com/binary-extensions/-/binary-extensions-2.2.0.tgz#75f502eeaf9ffde42fc98829645be4ea76bd9e2d"

brace-expansion@^2.0.1:
  version "2.0.1"
  resolved "https://registry.yarnpkg.com/brace-expansion/-/brace-expansion-2.0.1.tgz#1edc459e0f0c548486ecf9fc99f2221364b9a0ae"
  dependencies:
    balanced-match "^1.0.0"

braces@~3.0.2:
  version "3.0.2"
  resolved "https://registry.yarnpkg.com/braces/-/braces-3.0.2.tgz#3454e1a462ee8d599e236df336cd9ea4f8afe107"
  dependencies:
    fill-range "^7.0.1"

buffer-from@^1.0.0:
  version "1.1.1"
  resolved "https://registry.yarnpkg.com/buffer-from/-/buffer-from-1.1.1.tgz#32713bc028f75c02fdb710d7c7bcec1f2c6070ef"

builtins@^5.0.0:
  version "5.0.1"
  resolved "https://registry.yarnpkg.com/builtins/-/builtins-5.0.1.tgz#87f6db9ab0458be728564fa81d876d8d74552fa9"
  dependencies:
    semver "^7.0.0"

camelcase@^7.0.0:
  version "7.0.0"
  resolved "https://registry.yarnpkg.com/camelcase/-/camelcase-7.0.0.tgz#fd112621b212126741f998d614cbc2a8623fd174"

chalk@^2.0.0:
  version "2.4.2"
  resolved "https://registry.yarnpkg.com/chalk/-/chalk-2.4.2.tgz#cd42541677a54333cf541a49108c1432b44c9424"
  dependencies:
    ansi-styles "^3.2.1"
    escape-string-regexp "^1.0.5"
    supports-color "^5.3.0"

chalk@^5.0.0:
  version "5.0.1"
  resolved "https://registry.yarnpkg.com/chalk/-/chalk-5.0.1.tgz#ca57d71e82bb534a296df63bbacc4a1c22b2a4b6"

character-entities@^2.0.0:
  version "2.0.1"
  resolved "https://registry.yarnpkg.com/character-entities/-/character-entities-2.0.1.tgz#98724833e1e27990dee0bd0f2b8a859c3476aac7"

chokidar@^3.0.0:
  version "3.5.1"
  resolved "https://registry.yarnpkg.com/chokidar/-/chokidar-3.5.1.tgz#ee9ce7bbebd2b79f49f304799d5468e31e14e68a"
  dependencies:
    anymatch "~3.1.1"
    braces "~3.0.2"
    glob-parent "~5.1.0"
    is-binary-path "~2.1.0"
    is-glob "~4.0.1"
    normalize-path "~3.0.0"
    readdirp "~3.5.0"
  optionalDependencies:
    fsevents "~2.3.1"

chownr@^2.0.0:
  version "2.0.0"
  resolved "https://registry.yarnpkg.com/chownr/-/chownr-2.0.0.tgz#15bfbe53d2eab4cf70f18a8cd68ebe5b3cb1dece"

co@3.1.0:
  version "3.1.0"
  resolved "https://registry.yarnpkg.com/co/-/co-3.1.0.tgz#4ea54ea5a08938153185e15210c68d9092bc1b78"

color-convert@^1.9.0:
  version "1.9.3"
  resolved "https://registry.yarnpkg.com/color-convert/-/color-convert-1.9.3.tgz#bb71850690e1f136567de629d2d5471deda4c1e8"
  dependencies:
    color-name "1.1.3"

color-name@1.1.3:
  version "1.1.3"
  resolved "https://registry.yarnpkg.com/color-name/-/color-name-1.1.3.tgz#a7d0558bd89c42f795dd42328f740831ca53bc25"

concat-stream@^2.0.0:
  version "2.0.0"
  resolved "https://registry.yarnpkg.com/concat-stream/-/concat-stream-2.0.0.tgz#414cf5af790a48c60ab9be4527d56d5e41133cb1"
  dependencies:
    buffer-from "^1.0.0"
    inherits "^2.0.3"
    readable-stream "^3.0.2"
    typedarray "^0.0.6"

debug@^4.0.0:
  version "4.3.1"
  resolved "https://registry.yarnpkg.com/debug/-/debug-4.3.1.tgz#f0d229c505e0c6d8c49ac553d1b13dc183f6b2ee"
  dependencies:
    ms "2.1.2"

decode-named-character-reference@^1.0.0:
  version "1.0.1"
  resolved "https://registry.yarnpkg.com/decode-named-character-reference/-/decode-named-character-reference-1.0.1.tgz#57b2bd9112659cacbc449d3577d7dadb8e1f3d1b"
  dependencies:
    character-entities "^2.0.0"

dequal@^2.0.0:
  version "2.0.2"
  resolved "https://registry.yarnpkg.com/dequal/-/dequal-2.0.2.tgz#85ca22025e3a87e65ef75a7a437b35284a7e319d"

diff@^5.0.0:
  version "5.0.0"
  resolved "https://registry.yarnpkg.com/diff/-/diff-5.0.0.tgz#7ed6ad76d859d030787ec35855f5b1daf31d852b"

emoji-regex@^9.2.2:
  version "9.2.2"
  resolved "https://registry.yarnpkg.com/emoji-regex/-/emoji-regex-9.2.2.tgz#840c8803b0d8047f4ff0cf963176b32d4ef3ed72"

error-ex@^1.3.2:
  version "1.3.2"
  resolved "https://registry.yarnpkg.com/error-ex/-/error-ex-1.3.2.tgz#b4ac40648107fdcdcfae242f428bea8a14d4f1bf"
  dependencies:
    is-arrayish "^0.2.1"

escape-string-regexp@^1.0.5:
  version "1.0.5"
  resolved "https://registry.yarnpkg.com/escape-string-regexp/-/escape-string-regexp-1.0.5.tgz#1b61c0562190a8dff6ae3bb2cf0200ca130b86d4"

extend@^3.0.0:
  version "3.0.2"
  resolved "https://registry.yarnpkg.com/extend/-/extend-3.0.2.tgz#f8b1136b4071fbd8eb140aff858b1019ec2915fa"

fault@^2.0.0:
  version "2.0.1"
  resolved "https://registry.yarnpkg.com/fault/-/fault-2.0.1.tgz#d47ca9f37ca26e4bd38374a7c500b5a384755b6c"
  dependencies:
    format "^0.2.0"

fill-range@^7.0.1:
  version "7.0.1"
  resolved "https://registry.yarnpkg.com/fill-range/-/fill-range-7.0.1.tgz#1919a6a7c75fe38b2c7c77e5198535da9acdda40"
  dependencies:
    to-regex-range "^5.0.1"

for-in@^1.0.1:
  version "1.0.2"
  resolved "https://registry.yarnpkg.com/for-in/-/for-in-1.0.2.tgz#81068d295a8142ec0ac726c6e2200c30fb6d5e80"

for-own@^1.0.0:
  version "1.0.0"
  resolved "https://registry.yarnpkg.com/for-own/-/for-own-1.0.0.tgz#c63332f415cedc4b04dbfe70cf836494c53cb44b"
  dependencies:
    for-in "^1.0.1"

format@^0.2.0:
  version "0.2.2"
  resolved "https://registry.yarnpkg.com/format/-/format-0.2.2.tgz#d6170107e9efdc4ed30c9dc39016df942b5cb58b"

fs.realpath@^1.0.0:
  version "1.0.0"
  resolved "https://registry.yarnpkg.com/fs.realpath/-/fs.realpath-1.0.0.tgz#1504ad2523158caa40db4a2787cb01411994ea4f"

fsevents@~2.3.1:
  version "2.3.2"
  resolved "https://registry.yarnpkg.com/fsevents/-/fsevents-2.3.2.tgz#8a526f78b8fdf4623b709e0b975c52c24c02fd1a"

glob-parent@~5.1.0:
  version "5.1.2"
  resolved "https://registry.yarnpkg.com/glob-parent/-/glob-parent-5.1.2.tgz#869832c58034fe68a4093c17dc15e8340d8401c4"
  dependencies:
    is-glob "^4.0.1"

glob@^8.0.0, glob@^8.0.1:
  version "8.0.3"
  resolved "https://registry.yarnpkg.com/glob/-/glob-8.0.3.tgz#415c6eb2deed9e502c68fa44a272e6da6eeca42e"
  dependencies:
    fs.realpath "^1.0.0"
    inflight "^1.0.4"
    inherits "2"
    minimatch "^5.0.1"
    once "^1.3.0"

has-flag@^3.0.0:
  version "3.0.0"
  resolved "https://registry.yarnpkg.com/has-flag/-/has-flag-3.0.0.tgz#b5d454dc2199ae225699f3467e5a07f3b955bafd"

ignore@^5.0.0:
  version "5.1.8"
  resolved "https://registry.yarnpkg.com/ignore/-/ignore-5.1.8.tgz#f150a8b50a34289b33e22f5889abd4d8016f0e57"

import-meta-resolve@^2.0.0:
  version "2.0.3"
  resolved "https://registry.yarnpkg.com/import-meta-resolve/-/import-meta-resolve-2.0.3.tgz#117f3dc9a6415e82c32530545e1cf91be5c0a5d1"
  dependencies:
    builtins "^5.0.0"

infer-owner@^1.0.4:
  version "1.0.4"
  resolved "https://registry.yarnpkg.com/infer-owner/-/infer-owner-1.0.4.tgz#c4cefcaa8e51051c2a40ba2ce8a3d27295af9467"

inflight@^1.0.4:
  version "1.0.6"
  resolved "https://registry.yarnpkg.com/inflight/-/inflight-1.0.6.tgz#49bd6331d7d02d0c09bc910a1075ba8165b56df9"
  dependencies:
    once "^1.3.0"
    wrappy "1"

inherits@2, inherits@^2.0.3:
  version "2.0.4"
  resolved "https://registry.yarnpkg.com/inherits/-/inherits-2.0.4.tgz#0fa2c64f932917c3433a0ded55363aae37416b7c"

ini@^3.0.0:
  version "3.0.0"
  resolved "https://registry.yarnpkg.com/ini/-/ini-3.0.0.tgz#2f6de95006923aa75feed8894f5686165adc08f1"

is-arrayish@^0.2.1:
  version "0.2.1"
  resolved "https://registry.yarnpkg.com/is-arrayish/-/is-arrayish-0.2.1.tgz#77c99840527aa8ecb1a8ba697b80645a7a926a9d"

is-binary-path@~2.1.0:
  version "2.1.0"
  resolved "https://registry.yarnpkg.com/is-binary-path/-/is-binary-path-2.1.0.tgz#ea1f7f3b80f064236e83470f86c09c254fb45b09"
  dependencies:
    binary-extensions "^2.0.0"

is-buffer@^2.0.0:
  version "2.0.5"
  resolved "https://registry.yarnpkg.com/is-buffer/-/is-buffer-2.0.5.tgz#ebc252e400d22ff8d77fa09888821a24a658c191"

is-empty@^1.0.0:
  version "1.2.0"
  resolved "https://registry.yarnpkg.com/is-empty/-/is-empty-1.2.0.tgz#de9bb5b278738a05a0b09a57e1fb4d4a341a9f6b"

is-extglob@^2.1.1:
  version "2.1.1"
  resolved "https://registry.yarnpkg.com/is-extglob/-/is-extglob-2.1.1.tgz#a88c02535791f02ed37c76a1b9ea9773c833f8c2"

is-fullwidth-code-point@^4.0.0:
  version "4.0.0"
  resolved "https://registry.yarnpkg.com/is-fullwidth-code-point/-/is-fullwidth-code-point-4.0.0.tgz#fae3167c729e7463f8461ce512b080a49268aa88"

is-glob@^4.0.1, is-glob@~4.0.1:
  version "4.0.1"
  resolved "https://registry.yarnpkg.com/is-glob/-/is-glob-4.0.1.tgz#7567dbe9f2f5e2467bc77ab83c4a29482407a5dc"
  dependencies:
    is-extglob "^2.1.1"

is-number@^7.0.0:
  version "7.0.0"
  resolved "https://registry.yarnpkg.com/is-number/-/is-number-7.0.0.tgz#7535345b896734d5f80c4d06c50955527a14f12b"

is-plain-obj@^4.0.0:
  version "4.0.0"
  resolved "https://registry.yarnpkg.com/is-plain-obj/-/is-plain-obj-4.0.0.tgz#06c0999fd7574edf5a906ba5644ad0feb3a84d22"

isobject@^3.0.0:
  version "3.0.1"
  resolved "https://registry.yarnpkg.com/isobject/-/isobject-3.0.1.tgz#4e431e92b11a9731636aa1f9c8d1ccbcfdab78df"

js-tokens@^4.0.0:
  version "4.0.0"
  resolved "https://registry.yarnpkg.com/js-tokens/-/js-tokens-4.0.0.tgz#19203fb59991df98e3a287050d4647cdeaf32499"

json-parse-even-better-errors@^2.3.0, json-parse-even-better-errors@^2.3.1:
  version "2.3.1"
  resolved "https://registry.yarnpkg.com/json-parse-even-better-errors/-/json-parse-even-better-errors-2.3.1.tgz#7c47805a94319928e05777405dc12e1f7a4ee02d"

json5@^2.0.0:
  version "2.2.0"
  resolved "https://registry.yarnpkg.com/json5/-/json5-2.2.0.tgz#2dfefe720c6ba525d9ebd909950f0515316c89a3"
  dependencies:
    minimist "^1.2.5"

kleur@^4.0.3:
  version "4.1.4"
  resolved "https://registry.yarnpkg.com/kleur/-/kleur-4.1.4.tgz#8c202987d7e577766d039a8cd461934c01cda04d"

lines-and-columns@^2.0.2:
  version "2.0.3"
  resolved "https://registry.yarnpkg.com/lines-and-columns/-/lines-and-columns-2.0.3.tgz#b2f0badedb556b747020ab8ea7f0373e22efac1b"

load-plugin@^5.0.0:
  version "5.0.0"
  resolved "https://registry.yarnpkg.com/load-plugin/-/load-plugin-5.0.0.tgz#e24f6a69ed905e6b31d4555b1a46603c11e9c1f0"
  dependencies:
    "@npmcli/config" "^4.0.0"
    import-meta-resolve "^2.0.0"

longest-streak@^3.0.0:
  version "3.0.1"
  resolved "https://registry.yarnpkg.com/longest-streak/-/longest-streak-3.0.1.tgz#c97315b7afa0e7d9525db9a5a2953651432bdc5d"

lru-cache@^6.0.0:
  version "6.0.0"
  resolved "https://registry.yarnpkg.com/lru-cache/-/lru-cache-6.0.0.tgz#6d6fe6570ebd96aaf90fcad1dafa3b2566db3a94"
  dependencies:
    yallist "^4.0.0"

mdast-comment-marker@^2.0.0:
  version "2.1.0"
  resolved "https://registry.yarnpkg.com/mdast-comment-marker/-/mdast-comment-marker-2.1.0.tgz#67acce26def829b310016c7a186ec6ec3e7d6a3f"
  dependencies:
    mdast-util-mdx-expression "^1.1.0"

mdast-util-from-markdown@^1.0.0:
  version "1.2.0"
  resolved "https://registry.yarnpkg.com/mdast-util-from-markdown/-/mdast-util-from-markdown-1.2.0.tgz#84df2924ccc6c995dec1e2368b2b208ad0a76268"
  dependencies:
    "@types/mdast" "^3.0.0"
    "@types/unist" "^2.0.0"
    decode-named-character-reference "^1.0.0"
    mdast-util-to-string "^3.1.0"
    micromark "^3.0.0"
    micromark-util-decode-numeric-character-reference "^1.0.0"
    micromark-util-decode-string "^1.0.0"
    micromark-util-normalize-identifier "^1.0.0"
    micromark-util-symbol "^1.0.0"
    micromark-util-types "^1.0.0"
    unist-util-stringify-position "^3.0.0"
    uvu "^0.5.0"

mdast-util-heading-style@^2.0.0:
  version "2.0.0"
  resolved "https://registry.yarnpkg.com/mdast-util-heading-style/-/mdast-util-heading-style-2.0.0.tgz#19bcc14d96b4a6f24efbe1318409bd34af64bb7f"
  dependencies:
    "@types/mdast" "^3.0.0"

mdast-util-mdx-expression@^1.1.0:
  version "1.1.1"
  resolved "https://registry.yarnpkg.com/mdast-util-mdx-expression/-/mdast-util-mdx-expression-1.1.1.tgz#657522e78b84f5c85cd2395776aba8dcfb7bbb0f"
  dependencies:
    "@types/estree-jsx" "^0.0.1"

mdast-util-to-markdown@^1.0.0:
  version "1.2.6"
  resolved "https://registry.yarnpkg.com/mdast-util-to-markdown/-/mdast-util-to-markdown-1.2.6.tgz#9d0d1fcb22838e4af83fb04841cbde92525972f3"
  dependencies:
    "@types/mdast" "^3.0.0"
    "@types/unist" "^2.0.0"
    longest-streak "^3.0.0"
    mdast-util-to-string "^3.0.0"
    micromark-util-decode-string "^1.0.0"
    unist-util-visit "^4.0.0"
    zwitch "^2.0.0"

mdast-util-to-string@^1.0.0:
  version "1.1.0"
  resolved "https://registry.yarnpkg.com/mdast-util-to-string/-/mdast-util-to-string-1.1.0.tgz#27055500103f51637bd07d01da01eb1967a43527"

mdast-util-to-string@^3.0.0, mdast-util-to-string@^3.1.0:
  version "3.1.0"
  resolved "https://registry.yarnpkg.com/mdast-util-to-string/-/mdast-util-to-string-3.1.0.tgz#56c506d065fbf769515235e577b5a261552d56e9"

micromark-core-commonmark@^1.0.1:
  version "1.0.6"
  resolved "https://registry.yarnpkg.com/micromark-core-commonmark/-/micromark-core-commonmark-1.0.6.tgz#edff4c72e5993d93724a3c206970f5a15b0585ad"
  dependencies:
    decode-named-character-reference "^1.0.0"
    micromark-factory-destination "^1.0.0"
    micromark-factory-label "^1.0.0"
    micromark-factory-space "^1.0.0"
    micromark-factory-title "^1.0.0"
    micromark-factory-whitespace "^1.0.0"
    micromark-util-character "^1.0.0"
    micromark-util-chunked "^1.0.0"
    micromark-util-classify-character "^1.0.0"
    micromark-util-html-tag-name "^1.0.0"
    micromark-util-normalize-identifier "^1.0.0"
    micromark-util-resolve-all "^1.0.0"
    micromark-util-subtokenize "^1.0.0"
    micromark-util-symbol "^1.0.0"
    micromark-util-types "^1.0.1"
    uvu "^0.5.0"

micromark-factory-destination@^1.0.0:
  version "1.0.0"
  resolved "https://registry.yarnpkg.com/micromark-factory-destination/-/micromark-factory-destination-1.0.0.tgz#fef1cb59ad4997c496f887b6977aa3034a5a277e"
  dependencies:
    micromark-util-character "^1.0.0"
    micromark-util-symbol "^1.0.0"
    micromark-util-types "^1.0.0"

micromark-factory-label@^1.0.0:
  version "1.0.2"
  resolved "https://registry.yarnpkg.com/micromark-factory-label/-/micromark-factory-label-1.0.2.tgz#6be2551fa8d13542fcbbac478258fb7a20047137"
  dependencies:
    micromark-util-character "^1.0.0"
    micromark-util-symbol "^1.0.0"
    micromark-util-types "^1.0.0"
    uvu "^0.5.0"

micromark-factory-space@^1.0.0:
  version "1.0.0"
  resolved "https://registry.yarnpkg.com/micromark-factory-space/-/micromark-factory-space-1.0.0.tgz#cebff49968f2b9616c0fcb239e96685cb9497633"
  dependencies:
    micromark-util-character "^1.0.0"
    micromark-util-types "^1.0.0"

micromark-factory-title@^1.0.0:
  version "1.0.2"
  resolved "https://registry.yarnpkg.com/micromark-factory-title/-/micromark-factory-title-1.0.2.tgz#7e09287c3748ff1693930f176e1c4a328382494f"
  dependencies:
    micromark-factory-space "^1.0.0"
    micromark-util-character "^1.0.0"
    micromark-util-symbol "^1.0.0"
    micromark-util-types "^1.0.0"
    uvu "^0.5.0"

micromark-factory-whitespace@^1.0.0:
  version "1.0.0"
  resolved "https://registry.yarnpkg.com/micromark-factory-whitespace/-/micromark-factory-whitespace-1.0.0.tgz#e991e043ad376c1ba52f4e49858ce0794678621c"
  dependencies:
    micromark-factory-space "^1.0.0"
    micromark-util-character "^1.0.0"
    micromark-util-symbol "^1.0.0"
    micromark-util-types "^1.0.0"

micromark-util-character@^1.0.0:
  version "1.1.0"
  resolved "https://registry.yarnpkg.com/micromark-util-character/-/micromark-util-character-1.1.0.tgz#d97c54d5742a0d9611a68ca0cd4124331f264d86"
  dependencies:
    micromark-util-symbol "^1.0.0"
    micromark-util-types "^1.0.0"

micromark-util-chunked@^1.0.0:
  version "1.0.0"
  resolved "https://registry.yarnpkg.com/micromark-util-chunked/-/micromark-util-chunked-1.0.0.tgz#5b40d83f3d53b84c4c6bce30ed4257e9a4c79d06"
  dependencies:
    micromark-util-symbol "^1.0.0"

micromark-util-classify-character@^1.0.0:
  version "1.0.0"
  resolved "https://registry.yarnpkg.com/micromark-util-classify-character/-/micromark-util-classify-character-1.0.0.tgz#cbd7b447cb79ee6997dd274a46fc4eb806460a20"
  dependencies:
    micromark-util-character "^1.0.0"
    micromark-util-symbol "^1.0.0"
    micromark-util-types "^1.0.0"

micromark-util-combine-extensions@^1.0.0:
  version "1.0.0"
  resolved "https://registry.yarnpkg.com/micromark-util-combine-extensions/-/micromark-util-combine-extensions-1.0.0.tgz#91418e1e74fb893e3628b8d496085639124ff3d5"
  dependencies:
    micromark-util-chunked "^1.0.0"
    micromark-util-types "^1.0.0"

micromark-util-decode-numeric-character-reference@^1.0.0:
  version "1.0.0"
  resolved "https://registry.yarnpkg.com/micromark-util-decode-numeric-character-reference/-/micromark-util-decode-numeric-character-reference-1.0.0.tgz#dcc85f13b5bd93ff8d2868c3dba28039d490b946"
  dependencies:
    micromark-util-symbol "^1.0.0"

micromark-util-decode-string@^1.0.0:
  version "1.0.2"
  resolved "https://registry.yarnpkg.com/micromark-util-decode-string/-/micromark-util-decode-string-1.0.2.tgz#942252ab7a76dec2dbf089cc32505ee2bc3acf02"
  dependencies:
    decode-named-character-reference "^1.0.0"
    micromark-util-character "^1.0.0"
    micromark-util-decode-numeric-character-reference "^1.0.0"
    micromark-util-symbol "^1.0.0"

micromark-util-encode@^1.0.0:
  version "1.0.0"
  resolved "https://registry.yarnpkg.com/micromark-util-encode/-/micromark-util-encode-1.0.0.tgz#c409ecf751a28aa9564b599db35640fccec4c068"

micromark-util-html-tag-name@^1.0.0:
  version "1.0.0"
  resolved "https://registry.yarnpkg.com/micromark-util-html-tag-name/-/micromark-util-html-tag-name-1.0.0.tgz#75737e92fef50af0c6212bd309bc5cb8dbd489ed"

micromark-util-normalize-identifier@^1.0.0:
  version "1.0.0"
  resolved "https://registry.yarnpkg.com/micromark-util-normalize-identifier/-/micromark-util-normalize-identifier-1.0.0.tgz#4a3539cb8db954bbec5203952bfe8cedadae7828"
  dependencies:
    micromark-util-symbol "^1.0.0"

micromark-util-resolve-all@^1.0.0:
  version "1.0.0"
  resolved "https://registry.yarnpkg.com/micromark-util-resolve-all/-/micromark-util-resolve-all-1.0.0.tgz#a7c363f49a0162e931960c44f3127ab58f031d88"
  dependencies:
    micromark-util-types "^1.0.0"

micromark-util-sanitize-uri@^1.0.0:
  version "1.0.0"
  resolved "https://registry.yarnpkg.com/micromark-util-sanitize-uri/-/micromark-util-sanitize-uri-1.0.0.tgz#27dc875397cd15102274c6c6da5585d34d4f12b2"
  dependencies:
    micromark-util-character "^1.0.0"
    micromark-util-encode "^1.0.0"
    micromark-util-symbol "^1.0.0"

micromark-util-subtokenize@^1.0.0:
  version "1.0.2"
  resolved "https://registry.yarnpkg.com/micromark-util-subtokenize/-/micromark-util-subtokenize-1.0.2.tgz#ff6f1af6ac836f8bfdbf9b02f40431760ad89105"
  dependencies:
    micromark-util-chunked "^1.0.0"
    micromark-util-symbol "^1.0.0"
    micromark-util-types "^1.0.0"
    uvu "^0.5.0"

micromark-util-symbol@^1.0.0:
  version "1.0.1"
  resolved "https://registry.yarnpkg.com/micromark-util-symbol/-/micromark-util-symbol-1.0.1.tgz#b90344db62042ce454f351cf0bebcc0a6da4920e"

micromark-util-types@^1.0.0, micromark-util-types@^1.0.1:
  version "1.0.2"
  resolved "https://registry.yarnpkg.com/micromark-util-types/-/micromark-util-types-1.0.2.tgz#f4220fdb319205812f99c40f8c87a9be83eded20"

micromark@^3.0.0:
  version "3.0.10"
  resolved "https://registry.yarnpkg.com/micromark/-/micromark-3.0.10.tgz#1eac156f0399d42736458a14b0ca2d86190b457c"
  dependencies:
    "@types/debug" "^4.0.0"
    debug "^4.0.0"
    decode-named-character-reference "^1.0.0"
    micromark-core-commonmark "^1.0.1"
    micromark-factory-space "^1.0.0"
    micromark-util-character "^1.0.0"
    micromark-util-chunked "^1.0.0"
    micromark-util-combine-extensions "^1.0.0"
    micromark-util-decode-numeric-character-reference "^1.0.0"
    micromark-util-encode "^1.0.0"
    micromark-util-normalize-identifier "^1.0.0"
    micromark-util-resolve-all "^1.0.0"
    micromark-util-sanitize-uri "^1.0.0"
    micromark-util-subtokenize "^1.0.0"
    micromark-util-symbol "^1.0.0"
    micromark-util-types "^1.0.1"
    uvu "^0.5.0"

minimatch@^5.0.1:
  version "5.1.0"
  resolved "https://registry.yarnpkg.com/minimatch/-/minimatch-5.1.0.tgz#1717b464f4971b144f6aabe8f2d0b8e4511e09c7"
  dependencies:
    brace-expansion "^2.0.1"

minimist@^1.0.0, minimist@^1.2.5:
  version "1.2.5"
  resolved "https://registry.yarnpkg.com/minimist/-/minimist-1.2.5.tgz#67d66014b66a6a8aaa0c083c5fd58df4e4e97602"

mkdirp-infer-owner@^2.0.0:
  version "2.0.0"
  resolved "https://registry.yarnpkg.com/mkdirp-infer-owner/-/mkdirp-infer-owner-2.0.0.tgz#55d3b368e7d89065c38f32fd38e638f0ab61d316"
  dependencies:
    chownr "^2.0.0"
    infer-owner "^1.0.4"
    mkdirp "^1.0.3"

mkdirp@^1.0.3:
  version "1.0.4"
  resolved "https://registry.yarnpkg.com/mkdirp/-/mkdirp-1.0.4.tgz#3eb5ed62622756d79a5f0e2a221dfebad75c2f7e"

mri@^1.1.0:
  version "1.2.0"
  resolved "https://registry.yarnpkg.com/mri/-/mri-1.2.0.tgz#6721480fec2a11a4889861115a48b6cbe7cc8f0b"

ms@2.1.2:
  version "2.1.2"
  resolved "https://registry.yarnpkg.com/ms/-/ms-2.1.2.tgz#d09d1f357b443f493382a8eb3ccd183872ae6009"

nopt@^5.0.0:
  version "5.0.0"
  resolved "https://registry.yarnpkg.com/nopt/-/nopt-5.0.0.tgz#530942bb58a512fccafe53fe210f13a25355dc88"
  dependencies:
    abbrev "1"

normalize-path@^3.0.0, normalize-path@~3.0.0:
  version "3.0.0"
  resolved "https://registry.yarnpkg.com/normalize-path/-/normalize-path-3.0.0.tgz#0dcd69ff23a1c9b11fd0978316644a0388216a65"

npm-normalize-package-bin@^1.0.1:
  version "1.0.1"
  resolved "https://registry.yarnpkg.com/npm-normalize-package-bin/-/npm-normalize-package-bin-1.0.1.tgz#6e79a41f23fd235c0623218228da7d9c23b8f6e2"

object.defaults@^1.1.0:
  version "1.1.0"
  resolved "https://registry.yarnpkg.com/object.defaults/-/object.defaults-1.1.0.tgz#3a7f868334b407dea06da16d88d5cd29e435fecf"
  dependencies:
    array-each "^1.0.1"
    array-slice "^1.0.0"
    for-own "^1.0.0"
    isobject "^3.0.0"

once@^1.3.0:
  version "1.4.0"
  resolved "https://registry.yarnpkg.com/once/-/once-1.4.0.tgz#583b1aa775961d4b113ac17d9c50baef9dd76bd1"
  dependencies:
    wrappy "1"

parse-json@^6.0.0:
  version "6.0.2"
  resolved "https://registry.yarnpkg.com/parse-json/-/parse-json-6.0.2.tgz#6bf79c201351cc12d5d66eba48d5a097c13dc200"
  dependencies:
    "@babel/code-frame" "^7.16.0"
    error-ex "^1.3.2"
    json-parse-even-better-errors "^2.3.1"
    lines-and-columns "^2.0.2"

picomatch@^2.0.4, picomatch@^2.2.1:
  version "2.3.0"
  resolved "https://registry.yarnpkg.com/picomatch/-/picomatch-2.3.0.tgz#f1f061de8f6a4bf022892e2d128234fb98302972"

pluralize@^8.0.0:
  version "8.0.0"
  resolved "https://registry.yarnpkg.com/pluralize/-/pluralize-8.0.0.tgz#1a6fa16a38d12a1901e0320fa017051c539ce3b1"

proc-log@^2.0.0:
  version "2.0.1"
  resolved "https://registry.yarnpkg.com/proc-log/-/proc-log-2.0.1.tgz#8f3f69a1f608de27878f91f5c688b225391cb685"

read-package-json-fast@^2.0.3:
  version "2.0.3"
  resolved "https://registry.yarnpkg.com/read-package-json-fast/-/read-package-json-fast-2.0.3.tgz#323ca529630da82cb34b36cc0b996693c98c2b83"
  dependencies:
    json-parse-even-better-errors "^2.3.0"
    npm-normalize-package-bin "^1.0.1"

readable-stream@^3.0.2:
  version "3.6.0"
  resolved "https://registry.yarnpkg.com/readable-stream/-/readable-stream-3.6.0.tgz#337bbda3adc0706bd3e024426a286d4b4b2c9198"
  dependencies:
    inherits "^2.0.3"
    string_decoder "^1.1.1"
    util-deprecate "^1.0.1"

readdirp@~3.5.0:
  version "3.5.0"
  resolved "https://registry.yarnpkg.com/readdirp/-/readdirp-3.5.0.tgz#9ba74c019b15d365278d2e91bb8c48d7b4d42c9e"
  dependencies:
    picomatch "^2.2.1"

remark-cli@^11.0.0:
  version "11.0.0"
  resolved "https://registry.yarnpkg.com/remark-cli/-/remark-cli-11.0.0.tgz#302c15c5e73c0b422a6709f65adb74cac3b5eb53"
  dependencies:
    remark "^14.0.0"
    unified-args "^10.0.0"

remark-lint-alphabetize-lists@^3.0.0:
  version "3.0.0"
  resolved "https://registry.yarnpkg.com/remark-lint-alphabetize-lists/-/remark-lint-alphabetize-lists-3.0.0.tgz#34fa3f9c1eb715a787957cd5089c9c4bc7bf5c7d"
  dependencies:
    mdast-util-to-string "^1.0.0"
    unified-lint-rule "^1.0.5"
    unist-util-visit "^1.0.0"

remark-lint-are-links-valid-core@^0.2.1:
  version "0.2.1"
  resolved "https://registry.yarnpkg.com/remark-lint-are-links-valid-core/-/remark-lint-are-links-valid-core-0.2.1.tgz#c2cd5dde5535793ea0985de45748db6035f46cc0"
  dependencies:
    object.defaults "^1.1.0"
    unified-lint-rule "^1.0.1"
    unist-util-visit "^1.1.3"

remark-lint-are-links-valid-duplicate@^0.2.2:
  version "0.2.2"
  resolved "https://registry.yarnpkg.com/remark-lint-are-links-valid-duplicate/-/remark-lint-are-links-valid-duplicate-0.2.2.tgz#89009e95741edac5d44badfcc9484e7762d55dd6"
  dependencies:
    remark-lint-are-links-valid-core "^0.2.1"

remark-lint-final-newline@^2.0.0:
  version "2.1.1"
  resolved "https://registry.yarnpkg.com/remark-lint-final-newline/-/remark-lint-final-newline-2.1.1.tgz#dac4e5ae92638808fb6e2de6164c43890f1248a5"
  dependencies:
    "@types/mdast" "^3.0.0"
    unified "^10.0.0"
    unified-lint-rule "^2.0.0"

remark-lint-hard-break-spaces@^3.0.0:
  version "3.1.1"
  resolved "https://registry.yarnpkg.com/remark-lint-hard-break-spaces/-/remark-lint-hard-break-spaces-3.1.1.tgz#daaa6fbc9d08a0501dc6e3d4a844dc4783bdfaea"
  dependencies:
    "@types/mdast" "^3.0.0"
    unified "^10.0.0"
    unified-lint-rule "^2.0.0"
    unist-util-generated "^2.0.0"
    unist-util-position "^4.0.0"
    unist-util-visit "^4.0.0"

remark-lint-list-item-bullet-indent@^4.0.0:
  version "4.1.1"
  resolved "https://registry.yarnpkg.com/remark-lint-list-item-bullet-indent/-/remark-lint-list-item-bullet-indent-4.1.1.tgz#1ff4498b680bb4a8ce94a4192a1b52eca4c9fe48"
  dependencies:
    "@types/mdast" "^3.0.0"
    pluralize "^8.0.0"
    unified "^10.0.0"
    unified-lint-rule "^2.0.0"
    unist-util-visit "^4.0.0"

remark-lint-list-item-indent@^3.0.0:
  version "3.1.1"
  resolved "https://registry.yarnpkg.com/remark-lint-list-item-indent/-/remark-lint-list-item-indent-3.1.1.tgz#1591d291a9f81c8f14219bdb63f226a5e9f271c3"
  dependencies:
    "@types/mdast" "^3.0.0"
    pluralize "^8.0.0"
    unified "^10.0.0"
    unified-lint-rule "^2.0.0"
    unist-util-generated "^2.0.0"
    unist-util-position "^4.0.0"
    unist-util-visit "^4.0.0"

remark-lint-no-blockquote-without-marker@^5.0.0:
  version "5.1.1"
  resolved "https://registry.yarnpkg.com/remark-lint-no-blockquote-without-marker/-/remark-lint-no-blockquote-without-marker-5.1.1.tgz#e07233866a742c41368886663d7caebbdebb1074"
  dependencies:
    "@types/mdast" "^3.0.0"
    unified "^10.0.0"
    unified-lint-rule "^2.0.0"
    unist-util-generated "^2.0.0"
    unist-util-position "^4.0.0"
    unist-util-visit "^4.0.0"
    vfile-location "^4.0.0"

remark-lint-no-duplicate-definitions@^3.0.0:
  version "3.1.1"
  resolved "https://registry.yarnpkg.com/remark-lint-no-duplicate-definitions/-/remark-lint-no-duplicate-definitions-3.1.1.tgz#2f5042b8d2274d94a9423767c6e714b57c6a2dbf"
  dependencies:
    "@types/mdast" "^3.0.0"
    unified "^10.0.0"
    unified-lint-rule "^2.0.0"
    unist-util-generated "^2.0.0"
    unist-util-position "^4.0.0"
    unist-util-stringify-position "^3.0.0"
    unist-util-visit "^4.0.0"

remark-lint-no-heading-content-indent@^4.0.0:
  version "4.1.1"
  resolved "https://registry.yarnpkg.com/remark-lint-no-heading-content-indent/-/remark-lint-no-heading-content-indent-4.1.1.tgz#e4afb9872d12b29805c183999f5cb3adca9f394c"
  dependencies:
    "@types/mdast" "^3.0.0"
    mdast-util-heading-style "^2.0.0"
    pluralize "^8.0.0"
    unified "^10.0.0"
    unified-lint-rule "^2.0.0"
    unist-util-generated "^2.0.0"
    unist-util-position "^4.0.0"
    unist-util-visit "^4.0.0"

remark-lint-no-inline-padding@^4.0.0:
  version "4.1.1"
  resolved "https://registry.yarnpkg.com/remark-lint-no-inline-padding/-/remark-lint-no-inline-padding-4.1.1.tgz#2f1dda78556f1f8a98b4cad52ff74f6a56b55c58"
  dependencies:
    "@types/mdast" "^3.0.0"
    mdast-util-to-string "^3.0.0"
    unified "^10.0.0"
    unified-lint-rule "^2.0.0"
    unist-util-generated "^2.0.0"
    unist-util-visit "^4.0.0"

remark-lint-no-literal-urls@^3.0.0:
  version "3.1.1"
  resolved "https://registry.yarnpkg.com/remark-lint-no-literal-urls/-/remark-lint-no-literal-urls-3.1.1.tgz#9e3b71c013ffa3d3a493c98b54c3d5bd0ea0ad23"
  dependencies:
    "@types/mdast" "^3.0.0"
    mdast-util-to-string "^3.0.0"
    unified "^10.0.0"
    unified-lint-rule "^2.0.0"
    unist-util-generated "^2.0.0"
    unist-util-position "^4.0.0"
    unist-util-visit "^4.0.0"

remark-lint-no-shortcut-reference-image@^3.0.0:
  version "3.1.1"
  resolved "https://registry.yarnpkg.com/remark-lint-no-shortcut-reference-image/-/remark-lint-no-shortcut-reference-image-3.1.1.tgz#3714f31e98ca2063c43bb4cc4d7206e0581da501"
  dependencies:
    "@types/mdast" "^3.0.0"
    unified "^10.0.0"
    unified-lint-rule "^2.0.0"
    unist-util-generated "^2.0.0"
    unist-util-visit "^4.0.0"

remark-lint-no-shortcut-reference-link@^3.0.0:
  version "3.1.1"
  resolved "https://registry.yarnpkg.com/remark-lint-no-shortcut-reference-link/-/remark-lint-no-shortcut-reference-link-3.1.1.tgz#b29bc4bfdb02b30a596b5fed235c99e470805130"
  dependencies:
    "@types/mdast" "^3.0.0"
    unified "^10.0.0"
    unified-lint-rule "^2.0.0"
    unist-util-generated "^2.0.0"
    unist-util-visit "^4.0.0"

remark-lint-no-undefined-references@^4.0.0:
  version "4.1.1"
  resolved "https://registry.yarnpkg.com/remark-lint-no-undefined-references/-/remark-lint-no-undefined-references-4.1.1.tgz#66c8049da8a72c5dc758562b85bb3019bd396fc1"
  dependencies:
    "@types/mdast" "^3.0.0"
    micromark-util-normalize-identifier "^1.0.0"
    unified "^10.0.0"
    unified-lint-rule "^2.0.0"
    unist-util-generated "^2.0.0"
    unist-util-position "^4.0.0"
    unist-util-visit "^4.0.0"
    vfile-location "^4.0.0"

remark-lint-no-unused-definitions@^3.0.0:
  version "3.1.1"
  resolved "https://registry.yarnpkg.com/remark-lint-no-unused-definitions/-/remark-lint-no-unused-definitions-3.1.1.tgz#584fcd0b1ad569d3e1933256e85b9fb308e88695"
  dependencies:
    "@types/mdast" "^3.0.0"
    unified "^10.0.0"
    unified-lint-rule "^2.0.0"
    unist-util-generated "^2.0.0"
    unist-util-visit "^4.0.0"

remark-lint-ordered-list-marker-style@^3.0.0:
  version "3.1.1"
  resolved "https://registry.yarnpkg.com/remark-lint-ordered-list-marker-style/-/remark-lint-ordered-list-marker-style-3.1.1.tgz#5431100f048ef44daa90a32251e8056f2de58449"
  dependencies:
    "@types/mdast" "^3.0.0"
    unified "^10.0.0"
    unified-lint-rule "^2.0.0"
    unist-util-generated "^2.0.0"
    unist-util-position "^4.0.0"
    unist-util-visit "^4.0.0"

remark-lint@^9.0.0, remark-lint@^9.1.1:
  version "9.1.1"
  resolved "https://registry.yarnpkg.com/remark-lint/-/remark-lint-9.1.1.tgz#58c27adc4edeca93b7ce81e2861f05cbcecef72c"
  dependencies:
    "@types/mdast" "^3.0.0"
    remark-message-control "^7.0.0"
    unified "^10.1.0"

remark-message-control@^7.0.0:
  version "7.1.1"
  resolved "https://registry.yarnpkg.com/remark-message-control/-/remark-message-control-7.1.1.tgz#71e9b757b835fad2ac14fafa8b432f51b9b9bf52"
  dependencies:
    "@types/mdast" "^3.0.0"
    mdast-comment-marker "^2.0.0"
    unified "^10.0.0"
    unified-message-control "^4.0.0"
    vfile "^5.0.0"

remark-parse@^10.0.0:
  version "10.0.1"
  resolved "https://registry.yarnpkg.com/remark-parse/-/remark-parse-10.0.1.tgz#6f60ae53edbf0cf38ea223fe643db64d112e0775"
  dependencies:
    "@types/mdast" "^3.0.0"
    mdast-util-from-markdown "^1.0.0"
    unified "^10.0.0"

remark-preset-lint-recommended@^6.1.2:
  version "6.1.2"
  resolved "https://registry.yarnpkg.com/remark-preset-lint-recommended/-/remark-preset-lint-recommended-6.1.2.tgz#268eeaab887cef79e6b22fde046e65cf11abcf67"
  dependencies:
    "@types/mdast" "^3.0.0"
    remark-lint "^9.0.0"
    remark-lint-final-newline "^2.0.0"
    remark-lint-hard-break-spaces "^3.0.0"
    remark-lint-list-item-bullet-indent "^4.0.0"
    remark-lint-list-item-indent "^3.0.0"
    remark-lint-no-blockquote-without-marker "^5.0.0"
    remark-lint-no-duplicate-definitions "^3.0.0"
    remark-lint-no-heading-content-indent "^4.0.0"
    remark-lint-no-inline-padding "^4.0.0"
    remark-lint-no-literal-urls "^3.0.0"
    remark-lint-no-shortcut-reference-image "^3.0.0"
    remark-lint-no-shortcut-reference-link "^3.0.0"
    remark-lint-no-undefined-references "^4.0.0"
    remark-lint-no-unused-definitions "^3.0.0"
    remark-lint-ordered-list-marker-style "^3.0.0"
    unified "^10.0.0"

remark-stringify@^10.0.0:
  version "10.0.2"
  resolved "https://registry.yarnpkg.com/remark-stringify/-/remark-stringify-10.0.2.tgz#50414a6983f5008eb9e72eed05f980582d1f69d7"
  dependencies:
    "@types/mdast" "^3.0.0"
    mdast-util-to-markdown "^1.0.0"
    unified "^10.0.0"

remark@^14.0.0, remark@^14.0.2:
  version "14.0.2"
  resolved "https://registry.yarnpkg.com/remark/-/remark-14.0.2.tgz#4a1833f7441a5c29e44b37bb1843fb820797b40f"
  dependencies:
    "@types/mdast" "^3.0.0"
    remark-parse "^10.0.0"
    remark-stringify "^10.0.0"
    unified "^10.0.0"

sade@^1.7.3:
  version "1.7.4"
  resolved "https://registry.yarnpkg.com/sade/-/sade-1.7.4.tgz#ea681e0c65d248d2095c90578c03ca0bb1b54691"
  dependencies:
    mri "^1.1.0"

safe-buffer@~5.2.0:
  version "5.2.1"
  resolved "https://registry.yarnpkg.com/safe-buffer/-/safe-buffer-5.2.1.tgz#1eaf9fa9bdb1fdd4ec75f58f9cdb4e6b7827eec6"

semver@^7.0.0:
  version "7.3.5"
  resolved "https://registry.yarnpkg.com/semver/-/semver-7.3.5.tgz#0b621c879348d8998e4b0e4be94b3f12e6018ef7"
  dependencies:
    lru-cache "^6.0.0"

semver@^7.3.5:
  version "7.3.7"
  resolved "https://registry.yarnpkg.com/semver/-/semver-7.3.7.tgz#12c5b649afdbf9049707796e22a4028814ce523f"
  dependencies:
    lru-cache "^6.0.0"

sliced@^1.0.1:
  version "1.0.1"
  resolved "https://registry.yarnpkg.com/sliced/-/sliced-1.0.1.tgz#0b3a662b5d04c3177b1926bea82b03f837a2ef41"

string-width@^5.0.0:
  version "5.0.1"
  resolved "https://registry.yarnpkg.com/string-width/-/string-width-5.0.1.tgz#0d8158335a6cfd8eb95da9b6b262ce314a036ffd"
  dependencies:
    emoji-regex "^9.2.2"
    is-fullwidth-code-point "^4.0.0"
    strip-ansi "^7.0.1"

string_decoder@^1.1.1:
  version "1.3.0"
  resolved "https://registry.yarnpkg.com/string_decoder/-/string_decoder-1.3.0.tgz#42f114594a46cf1a8e30b0a84f56c78c3edac21e"
  dependencies:
    safe-buffer "~5.2.0"

strip-ansi@^7.0.1:
  version "7.0.1"
  resolved "https://registry.yarnpkg.com/strip-ansi/-/strip-ansi-7.0.1.tgz#61740a08ce36b61e50e65653f07060d000975fb2"
  dependencies:
    ansi-regex "^6.0.1"

supports-color@^5.3.0:
  version "5.5.0"
  resolved "https://registry.yarnpkg.com/supports-color/-/supports-color-5.5.0.tgz#e2e69a44ac8772f78a1ec0b35b689df6530efc8f"
  dependencies:
    has-flag "^3.0.0"

supports-color@^9.0.0:
  version "9.2.1"
  resolved "https://registry.yarnpkg.com/supports-color/-/supports-color-9.2.1.tgz#599dc9d45acf74c6176e0d880bab1d7d718fe891"

text-table@^0.2.0:
  version "0.2.0"
  resolved "https://registry.yarnpkg.com/text-table/-/text-table-0.2.0.tgz#7f5ee823ae805207c00af2df4a84ec3fcfa570b4"

to-regex-range@^5.0.1:
  version "5.0.1"
  resolved "https://registry.yarnpkg.com/to-regex-range/-/to-regex-range-5.0.1.tgz#1648c44aae7c8d988a326018ed72f5b4dd0392e4"
  dependencies:
    is-number "^7.0.0"

to-vfile@^7.0.0:
  version "7.2.2"
  resolved "https://registry.yarnpkg.com/to-vfile/-/to-vfile-7.2.2.tgz#5976568397ef664bc8df210676d082478822afbf"
  dependencies:
    is-buffer "^2.0.0"
    vfile "^5.1.0"

totalist@^2.0.0:
  version "2.0.0"
  resolved "https://registry.yarnpkg.com/totalist/-/totalist-2.0.0.tgz#db6f1e19c0fa63e71339bbb8fba89653c18c7eec"

trough@^2.0.0:
  version "2.0.2"
  resolved "https://registry.yarnpkg.com/trough/-/trough-2.0.2.tgz#94a3aa9d5ce379fc561f6244905b3f36b7458d96"

typedarray@^0.0.6:
  version "0.0.6"
  resolved "https://registry.yarnpkg.com/typedarray/-/typedarray-0.0.6.tgz#867ac74e3864187b1d3d47d996a78ec5c8830777"

unified-args@^10.0.0:
  version "10.0.0"
  resolved "https://registry.yarnpkg.com/unified-args/-/unified-args-10.0.0.tgz#95994c5558fea83ff07006cb560fd88cdcf31134"
  dependencies:
    "@types/text-table" "^0.2.0"
    camelcase "^7.0.0"
    chalk "^5.0.0"
    chokidar "^3.0.0"
    fault "^2.0.0"
    json5 "^2.0.0"
    minimist "^1.0.0"
    text-table "^0.2.0"
    unified-engine "^10.0.0"

unified-engine@^10.0.0:
  version "10.0.1"
  resolved "https://registry.yarnpkg.com/unified-engine/-/unified-engine-10.0.1.tgz#94f27f1f88660d9b5910595095e4b463ca18e389"
  dependencies:
    "@types/concat-stream" "^2.0.0"
    "@types/debug" "^4.0.0"
    "@types/is-empty" "^1.0.0"
    "@types/node" "^18.0.0"
    "@types/unist" "^2.0.0"
    concat-stream "^2.0.0"
    debug "^4.0.0"
    fault "^2.0.0"
    glob "^8.0.0"
    ignore "^5.0.0"
    is-buffer "^2.0.0"
    is-empty "^1.0.0"
    is-plain-obj "^4.0.0"
    load-plugin "^5.0.0"
    parse-json "^6.0.0"
    to-vfile "^7.0.0"
    trough "^2.0.0"
    unist-util-inspect "^7.0.0"
    vfile-message "^3.0.0"
    vfile-reporter "^7.0.0"
    vfile-statistics "^2.0.0"
    yaml "^2.0.0"

unified-lint-rule@^1.0.1, unified-lint-rule@^1.0.5:
  version "1.0.6"
  resolved "https://registry.yarnpkg.com/unified-lint-rule/-/unified-lint-rule-1.0.6.tgz#b4ab801ff93c251faa917a8d1c10241af030de84"
  dependencies:
    wrapped "^1.0.1"

unified-lint-rule@^2.0.0:
  version "2.1.1"
  resolved "https://registry.yarnpkg.com/unified-lint-rule/-/unified-lint-rule-2.1.1.tgz#2363f27064f0b44675d11119bb573a738e346f24"
  dependencies:
    "@types/unist" "^2.0.0"
    trough "^2.0.0"
    unified "^10.0.0"
    vfile "^5.0.0"

unified-message-control@^4.0.0:
  version "4.0.0"
  resolved "https://registry.yarnpkg.com/unified-message-control/-/unified-message-control-4.0.0.tgz#7cd313df526fc660f218b19a56377bb6957019a8"
  dependencies:
    "@types/unist" "^2.0.0"
    unist-util-is "^5.0.0"
    unist-util-visit "^3.0.0"
    vfile "^5.0.0"
    vfile-location "^4.0.0"
    vfile-message "^3.0.0"

unified@^10.0.0, unified@^10.1.0:
  version "10.1.1"
  resolved "https://registry.yarnpkg.com/unified/-/unified-10.1.1.tgz#345e349e3ab353ab612878338eb9d57b4dea1d46"
  dependencies:
    "@types/unist" "^2.0.0"
    bail "^2.0.0"
    extend "^3.0.0"
    is-buffer "^2.0.0"
    is-plain-obj "^4.0.0"
    trough "^2.0.0"
    vfile "^5.0.0"

unist-util-generated@^2.0.0:
  version "2.0.0"
  resolved "https://registry.yarnpkg.com/unist-util-generated/-/unist-util-generated-2.0.0.tgz#86fafb77eb6ce9bfa6b663c3f5ad4f8e56a60113"

unist-util-inspect@^7.0.0:
  version "7.0.0"
  resolved "https://registry.yarnpkg.com/unist-util-inspect/-/unist-util-inspect-7.0.0.tgz#98426f0219e24d011a27e32539be0693d9eb973e"
  dependencies:
    "@types/unist" "^2.0.0"

unist-util-is@^3.0.0:
  version "3.0.0"
  resolved "https://registry.yarnpkg.com/unist-util-is/-/unist-util-is-3.0.0.tgz#d9e84381c2468e82629e4a5be9d7d05a2dd324cd"

unist-util-is@^5.0.0:
  version "5.1.1"
  resolved "https://registry.yarnpkg.com/unist-util-is/-/unist-util-is-5.1.1.tgz#e8aece0b102fa9bc097b0fef8f870c496d4a6236"

unist-util-position@^4.0.0:
  version "4.0.1"
  resolved "https://registry.yarnpkg.com/unist-util-position/-/unist-util-position-4.0.1.tgz#f8484b2da19a897a0180556d160c28633070dbb9"

unist-util-stringify-position@^3.0.0:
  version "3.0.0"
  resolved "https://registry.yarnpkg.com/unist-util-stringify-position/-/unist-util-stringify-position-3.0.0.tgz#d517d2883d74d0daa0b565adc3d10a02b4a8cde9"
  dependencies:
    "@types/unist" "^2.0.0"

unist-util-visit-parents@^2.0.0:
  version "2.1.2"
  resolved "https://registry.yarnpkg.com/unist-util-visit-parents/-/unist-util-visit-parents-2.1.2.tgz#25e43e55312166f3348cae6743588781d112c1e9"
  dependencies:
    unist-util-is "^3.0.0"

unist-util-visit-parents@^4.0.0:
  version "4.1.1"
  resolved "https://registry.yarnpkg.com/unist-util-visit-parents/-/unist-util-visit-parents-4.1.1.tgz#e83559a4ad7e6048a46b1bdb22614f2f3f4724f2"
  dependencies:
    "@types/unist" "^2.0.0"
    unist-util-is "^5.0.0"

unist-util-visit-parents@^5.0.0:
  version "5.1.0"
  resolved "https://registry.yarnpkg.com/unist-util-visit-parents/-/unist-util-visit-parents-5.1.0.tgz#44bbc5d25f2411e7dfc5cecff12de43296aa8521"
  dependencies:
    "@types/unist" "^2.0.0"
    unist-util-is "^5.0.0"

unist-util-visit@^1.0.0, unist-util-visit@^1.1.3:
  version "1.4.1"
  resolved "https://registry.yarnpkg.com/unist-util-visit/-/unist-util-visit-1.4.1.tgz#4724aaa8486e6ee6e26d7ff3c8685960d560b1e3"
  dependencies:
    unist-util-visit-parents "^2.0.0"

unist-util-visit@^3.0.0:
  version "3.1.0"
  resolved "https://registry.yarnpkg.com/unist-util-visit/-/unist-util-visit-3.1.0.tgz#9420d285e1aee938c7d9acbafc8e160186dbaf7b"
  dependencies:
    "@types/unist" "^2.0.0"
    unist-util-is "^5.0.0"
    unist-util-visit-parents "^4.0.0"

unist-util-visit@^4.0.0:
  version "4.1.0"
  resolved "https://registry.yarnpkg.com/unist-util-visit/-/unist-util-visit-4.1.0.tgz#f41e407a9e94da31594e6b1c9811c51ab0b3d8f5"
  dependencies:
    "@types/unist" "^2.0.0"
    unist-util-is "^5.0.0"
    unist-util-visit-parents "^5.0.0"

util-deprecate@^1.0.1:
  version "1.0.2"
  resolved "https://registry.yarnpkg.com/util-deprecate/-/util-deprecate-1.0.2.tgz#450d4dc9fa70de732762fbd2d4a28981419a0ccf"

uvu@^0.5.0:
  version "0.5.2"
  resolved "https://registry.yarnpkg.com/uvu/-/uvu-0.5.2.tgz#c145e7f4b5becf80099cf22fd8a4a05f0112b2c0"
  dependencies:
    dequal "^2.0.0"
    diff "^5.0.0"
    kleur "^4.0.3"
    sade "^1.7.3"
    totalist "^2.0.0"

vfile-location@^4.0.0:
  version "4.0.1"
  resolved "https://registry.yarnpkg.com/vfile-location/-/vfile-location-4.0.1.tgz#06f2b9244a3565bef91f099359486a08b10d3a95"
  dependencies:
    "@types/unist" "^2.0.0"
    vfile "^5.0.0"

vfile-message@^3.0.0:
  version "3.0.2"
  resolved "https://registry.yarnpkg.com/vfile-message/-/vfile-message-3.0.2.tgz#db7eaebe7fecb853010f2ef1664427f52baf8f74"
  dependencies:
    "@types/unist" "^2.0.0"
    unist-util-stringify-position "^3.0.0"

vfile-reporter@^7.0.0:
  version "7.0.3"
  resolved "https://registry.yarnpkg.com/vfile-reporter/-/vfile-reporter-7.0.3.tgz#faa72f6d2d56841b352480c827b53f8417cb1b33"
  dependencies:
    "@types/supports-color" "^8.0.0"
    string-width "^5.0.0"
    supports-color "^9.0.0"
    unist-util-stringify-position "^3.0.0"
    vfile-sort "^3.0.0"
    vfile-statistics "^2.0.0"

vfile-sort@^3.0.0:
  version "3.0.0"
  resolved "https://registry.yarnpkg.com/vfile-sort/-/vfile-sort-3.0.0.tgz#ee13d3eaac0446200a2047a3b45d78fad6b106e6"
  dependencies:
    vfile-message "^3.0.0"

vfile-statistics@^2.0.0:
  version "2.0.0"
  resolved "https://registry.yarnpkg.com/vfile-statistics/-/vfile-statistics-2.0.0.tgz#f04ee3e3c666809a3c10c06021becd41ea9c8037"
  dependencies:
    vfile-message "^3.0.0"

vfile@^5.0.0, vfile@^5.1.0:
  version "5.2.0"
  resolved "https://registry.yarnpkg.com/vfile/-/vfile-5.2.0.tgz#a32a646ff9251c274dbe8675644a39031025b369"
  dependencies:
    "@types/unist" "^2.0.0"
    is-buffer "^2.0.0"
    unist-util-stringify-position "^3.0.0"
    vfile-message "^3.0.0"

walk-up-path@^1.0.0:
  version "1.0.0"
  resolved "https://registry.yarnpkg.com/walk-up-path/-/walk-up-path-1.0.0.tgz#d4745e893dd5fd0dbb58dd0a4c6a33d9c9fec53e"

wrapped@^1.0.1:
  version "1.0.1"
  resolved "https://registry.yarnpkg.com/wrapped/-/wrapped-1.0.1.tgz#c783d9d807b273e9b01e851680a938c87c907242"
  dependencies:
    co "3.1.0"
    sliced "^1.0.1"

wrappy@1:
  version "1.0.2"
  resolved "https://registry.yarnpkg.com/wrappy/-/wrappy-1.0.2.tgz#b5243d8f3ec1aa35f1364605bc0d1036e30ab69f"

yallist@^4.0.0:
  version "4.0.0"
  resolved "https://registry.yarnpkg.com/yallist/-/yallist-4.0.0.tgz#9bb92790d9c0effec63be73519e11a35019a3a72"

yaml@^2.0.0:
  version "2.1.1"
  resolved "https://registry.yarnpkg.com/yaml/-/yaml-2.1.1.tgz#1e06fb4ca46e60d9da07e4f786ea370ed3c3cfec"

zwitch@^2.0.0:
  version "2.0.2"
  resolved "https://registry.yarnpkg.com/zwitch/-/zwitch-2.0.2.tgz#91f8d0e901ffa3d66599756dde7f57b17c95dce1"
