# THIS IS AN AUTOGENERATED FILE. DO NOT EDIT THIS FILE DIRECTLY.
# yarn lockfile v1


"@types/unist@^2.0.0", "@types/unist@^2.0.2":
  version "2.0.3"
  resolved "https://registry.yarnpkg.com/@types/unist/-/unist-2.0.3.tgz#9c088679876f374eb5983f150d4787aa6fb32d7e"

ansi-regex@^4.1.0:
  version "4.1.0"
  resolved "https://registry.yarnpkg.com/ansi-regex/-/ansi-regex-4.1.0.tgz#8b9f8f08cf1acb843756a839ca8c7e3168c51997"

ansi-styles@^3.1.0:
  version "3.2.0"
  resolved "https://registry.yarnpkg.com/ansi-styles/-/ansi-styles-3.2.0.tgz#c159b8d5be0f9e5a6f346dab94f16ce022161b88"
  dependencies:
    color-convert "^1.9.0"

anymatch@^3.0.1:
  version "3.0.3"
  resolved "https://registry.yarnpkg.com/anymatch/-/anymatch-3.0.3.tgz#2fb624fe0e84bccab00afee3d0006ed310f22f09"
  dependencies:
    normalize-path "^3.0.0"
    picomatch "^2.0.4"

argparse@^1.0.7:
  version "1.0.9"
  resolved "https://registry.yarnpkg.com/argparse/-/argparse-1.0.9.tgz#73d83bc263f86e97f8cc4f6bae1b0e90a7d22c86"
  dependencies:
    sprintf-js "~1.0.2"

array-each@^1.0.1:
  version "1.0.1"
  resolved "https://registry.yarnpkg.com/array-each/-/array-each-1.0.1.tgz#a794af0c05ab1752846ee753a1f211a05ba0c44f"

array-iterate@^1.0.0:
  version "1.1.1"
  resolved "https://registry.yarnpkg.com/array-iterate/-/array-iterate-1.1.1.tgz#865bf7f8af39d6b0982c60902914ac76bc0108f6"

array-slice@^1.0.0:
  version "1.0.0"
  resolved "https://registry.yarnpkg.com/array-slice/-/array-slice-1.0.0.tgz#e73034f00dcc1f40876008fd20feae77bd4b7c2f"

bail@^1.0.0:
  version "1.0.2"
  resolved "https://registry.yarnpkg.com/bail/-/bail-1.0.2.tgz#f7d6c1731630a9f9f0d4d35ed1f962e2074a1764"

balanced-match@^1.0.0:
  version "1.0.0"
  resolved "https://registry.yarnpkg.com/balanced-match/-/balanced-match-1.0.0.tgz#89b4d199ab2bee49de164ea02b89ce462d71b767"

binary-extensions@^2.0.0:
  version "2.0.0"
  resolved "https://registry.yarnpkg.com/binary-extensions/-/binary-extensions-2.0.0.tgz#23c0df14f6a88077f5f986c0d167ec03c3d5537c"

brace-expansion@^1.1.7:
  version "1.1.8"
  resolved "https://registry.yarnpkg.com/brace-expansion/-/brace-expansion-1.1.8.tgz#c07b211c7c952ec1f8efd51a77ef0d1d3990a292"
  dependencies:
    balanced-match "^1.0.0"
    concat-map "0.0.1"

braces@^3.0.2:
  version "3.0.2"
  resolved "https://registry.yarnpkg.com/braces/-/braces-3.0.2.tgz#3454e1a462ee8d599e236df336cd9ea4f8afe107"
  dependencies:
    fill-range "^7.0.1"

buffer-from@^1.0.0:
  version "1.1.1"
  resolved "https://registry.yarnpkg.com/buffer-from/-/buffer-from-1.1.1.tgz#32713bc028f75c02fdb710d7c7bcec1f2c6070ef"

camelcase@^5.0.0:
  version "5.0.0"
  resolved "https://registry.yarnpkg.com/camelcase/-/camelcase-5.0.0.tgz#03295527d58bd3cd4aa75363f35b2e8d97be2f42"

ccount@^1.0.0:
  version "1.0.2"
  resolved "https://registry.yarnpkg.com/ccount/-/ccount-1.0.2.tgz#53b6a2f815bb77b9c2871f7b9a72c3a25f1d8e89"

chalk@^2.0.0:
  version "2.0.1"
  resolved "https://registry.yarnpkg.com/chalk/-/chalk-2.0.1.tgz#dbec49436d2ae15f536114e76d14656cdbc0f44d"
  dependencies:
    ansi-styles "^3.1.0"
    escape-string-regexp "^1.0.5"
    supports-color "^4.0.0"

character-entities-html4@^1.0.0:
  version "1.1.1"
  resolved "https://registry.yarnpkg.com/character-entities-html4/-/character-entities-html4-1.1.1.tgz#359a2a4a0f7e29d3dc2ac99bdbe21ee39438ea50"

character-entities-legacy@^1.0.0:
  version "1.1.1"
  resolved "https://registry.yarnpkg.com/character-entities-legacy/-/character-entities-legacy-1.1.1.tgz#f40779df1a101872bb510a3d295e1fccf147202f"

character-entities@^1.0.0:
  version "1.2.1"
  resolved "https://registry.yarnpkg.com/character-entities/-/character-entities-1.2.1.tgz#f76871be5ef66ddb7f8f8e3478ecc374c27d6dca"

character-reference-invalid@^1.0.0:
  version "1.1.1"
  resolved "https://registry.yarnpkg.com/character-reference-invalid/-/character-reference-invalid-1.1.1.tgz#942835f750e4ec61a308e60c2ef8cc1011202efc"

chokidar@^3.0.0:
  version "3.0.2"
  resolved "https://registry.yarnpkg.com/chokidar/-/chokidar-3.0.2.tgz#0d1cd6d04eb2df0327446188cd13736a3367d681"
  dependencies:
    anymatch "^3.0.1"
    braces "^3.0.2"
    glob-parent "^5.0.0"
    is-binary-path "^2.1.0"
    is-glob "^4.0.1"
    normalize-path "^3.0.0"
    readdirp "^3.1.1"
  optionalDependencies:
    fsevents "^2.0.6"

co@3.1.0:
  version "3.1.0"
  resolved "https://registry.yarnpkg.com/co/-/co-3.1.0.tgz#4ea54ea5a08938153185e15210c68d9092bc1b78"

collapse-white-space@^1.0.2:
  version "1.0.3"
  resolved "https://registry.yarnpkg.com/collapse-white-space/-/collapse-white-space-1.0.3.tgz#4b906f670e5a963a87b76b0e1689643341b6023c"

color-convert@^1.9.0:
  version "1.9.0"
  resolved "https://registry.yarnpkg.com/color-convert/-/color-convert-1.9.0.tgz#1accf97dd739b983bf994d56fec8f95853641b7a"
  dependencies:
    color-name "^1.1.1"

color-name@^1.1.1:
  version "1.1.3"
  resolved "https://registry.yarnpkg.com/color-name/-/color-name-1.1.3.tgz#a7d0558bd89c42f795dd42328f740831ca53bc25"

concat-map@0.0.1:
  version "0.0.1"
  resolved "https://registry.yarnpkg.com/concat-map/-/concat-map-0.0.1.tgz#d8a96bd77fd68df7793a73036a3ba0d5405d477b"

concat-stream@^2.0.0:
  version "2.0.0"
  resolved "https://registry.yarnpkg.com/concat-stream/-/concat-stream-2.0.0.tgz#414cf5af790a48c60ab9be4527d56d5e41133cb1"
  dependencies:
    buffer-from "^1.0.0"
    inherits "^2.0.3"
    readable-stream "^3.0.2"
    typedarray "^0.0.6"

debug@^4.0.0:
  version "4.1.1"
  resolved "https://registry.yarnpkg.com/debug/-/debug-4.1.1.tgz#3b72260255109c6b589cee050f1d516139664791"
  dependencies:
    ms "^2.1.1"

deep-extend@~0.4.0:
  version "0.4.2"
  resolved "https://registry.yarnpkg.com/deep-extend/-/deep-extend-0.4.2.tgz#48b699c27e334bf89f10892be432f6e4c7d34a7f"

emoji-regex@^8.0.0:
  version "8.0.0"
  resolved "https://registry.yarnpkg.com/emoji-regex/-/emoji-regex-8.0.0.tgz#e818fd69ce5ccfcb404594f842963bf53164cc37"

error-ex@^1.3.1:
  version "1.3.2"
  resolved "https://registry.yarnpkg.com/error-ex/-/error-ex-1.3.2.tgz#b4ac40648107fdcdcfae242f428bea8a14d4f1bf"
  dependencies:
    is-arrayish "^0.2.1"

escape-string-regexp@^1.0.5:
  version "1.0.5"
  resolved "https://registry.yarnpkg.com/escape-string-regexp/-/escape-string-regexp-1.0.5.tgz#1b61c0562190a8dff6ae3bb2cf0200ca130b86d4"

esprima@^4.0.0:
  version "4.0.0"
  resolved "https://registry.yarnpkg.com/esprima/-/esprima-4.0.0.tgz#4499eddcd1110e0b218bacf2fa7f7f59f55ca804"

extend@^3.0.0:
  version "3.0.2"
  resolved "https://registry.yarnpkg.com/extend/-/extend-3.0.2.tgz#f8b1136b4071fbd8eb140aff858b1019ec2915fa"

fault@^1.0.0:
  version "1.0.1"
  resolved "https://registry.yarnpkg.com/fault/-/fault-1.0.1.tgz#de8d350dfd48be24b5dc1b02867e0871b9135092"
  dependencies:
    format "^0.2.2"

fault@^1.0.2:
  version "1.0.2"
  resolved "https://registry.yarnpkg.com/fault/-/fault-1.0.2.tgz#c3d0fec202f172a3a4d414042ad2bb5e2a3ffbaa"
  dependencies:
    format "^0.2.2"

figures@^3.0.0:
  version "3.0.0"
  resolved "https://registry.yarnpkg.com/figures/-/figures-3.0.0.tgz#756275c964646163cc6f9197c7a0295dbfd04de9"
  dependencies:
    escape-string-regexp "^1.0.5"

fill-range@^7.0.1:
  version "7.0.1"
  resolved "https://registry.yarnpkg.com/fill-range/-/fill-range-7.0.1.tgz#1919a6a7c75fe38b2c7c77e5198535da9acdda40"
  dependencies:
    to-regex-range "^5.0.1"

fn-name@^2.0.1:
  version "2.0.1"
  resolved "https://registry.yarnpkg.com/fn-name/-/fn-name-2.0.1.tgz#5214d7537a4d06a4a301c0cc262feb84188002e7"

for-in@^1.0.1:
  version "1.0.2"
  resolved "https://registry.yarnpkg.com/for-in/-/for-in-1.0.2.tgz#81068d295a8142ec0ac726c6e2200c30fb6d5e80"

for-own@^1.0.0:
  version "1.0.0"
  resolved "https://registry.yarnpkg.com/for-own/-/for-own-1.0.0.tgz#c63332f415cedc4b04dbfe70cf836494c53cb44b"
  dependencies:
    for-in "^1.0.1"

format@^0.2.2:
  version "0.2.2"
  resolved "https://registry.yarnpkg.com/format/-/format-0.2.2.tgz#d6170107e9efdc4ed30c9dc39016df942b5cb58b"

fs.realpath@^1.0.0:
  version "1.0.0"
  resolved "https://registry.yarnpkg.com/fs.realpath/-/fs.realpath-1.0.0.tgz#1504ad2523158caa40db4a2787cb01411994ea4f"

fsevents@^2.0.6:
  version "2.0.7"
  resolved "https://registry.yarnpkg.com/fsevents/-/fsevents-2.0.7.tgz#382c9b443c6cbac4c57187cdda23aa3bf1ccfc2a"

glob-parent@^5.0.0:
  version "5.0.0"
  resolved "https://registry.yarnpkg.com/glob-parent/-/glob-parent-5.0.0.tgz#1dc99f0f39b006d3e92c2c284068382f0c20e954"
  dependencies:
    is-glob "^4.0.1"

glob@^7.0.3:
  version "7.1.2"
  resolved "https://registry.yarnpkg.com/glob/-/glob-7.1.2.tgz#c19c9df9a028702d678612384a6552404c636d15"
  dependencies:
    fs.realpath "^1.0.0"
    inflight "^1.0.4"
    inherits "2"
    minimatch "^3.0.4"
    once "^1.3.0"
    path-is-absolute "^1.0.0"

has-flag@^2.0.0:
  version "2.0.0"
  resolved "https://registry.yarnpkg.com/has-flag/-/has-flag-2.0.0.tgz#e8207af1cc7b30d446cc70b734b5e8be18f88d51"

has-flag@^3.0.0:
  version "3.0.0"
  resolved "https://registry.yarnpkg.com/has-flag/-/has-flag-3.0.0.tgz#b5d454dc2199ae225699f3467e5a07f3b955bafd"

ignore@^5.0.0:
  version "5.1.2"
  resolved "https://registry.yarnpkg.com/ignore/-/ignore-5.1.2.tgz#e28e584d43ad7e92f96995019cc43b9e1ac49558"

inflight@^1.0.4:
  version "1.0.6"
  resolved "https://registry.yarnpkg.com/inflight/-/inflight-1.0.6.tgz#49bd6331d7d02d0c09bc910a1075ba8165b56df9"
  dependencies:
    once "^1.3.0"
    wrappy "1"

inherits@2, inherits@^2.0.1, inherits@^2.0.3:
  version "2.0.3"
  resolved "https://registry.yarnpkg.com/inherits/-/inherits-2.0.3.tgz#633c2c83e3da42a502f52466022480f4208261de"

ini@~1.3.0:
  version "1.3.4"
  resolved "https://registry.yarnpkg.com/ini/-/ini-1.3.4.tgz#0537cb79daf59b59a1a517dff706c86ec039162e"

irregular-plurals@^1.0.0:
  version "1.3.0"
  resolved "https://registry.yarnpkg.com/irregular-plurals/-/irregular-plurals-1.3.0.tgz#7af06931bdf74be33dcf585a13e06fccc16caecf"

is-alphabetical@^1.0.0:
  version "1.0.1"
  resolved "https://registry.yarnpkg.com/is-alphabetical/-/is-alphabetical-1.0.1.tgz#c77079cc91d4efac775be1034bf2d243f95e6f08"

is-alphanumeric@^1.0.0:
  version "1.0.0"
  resolved "https://registry.yarnpkg.com/is-alphanumeric/-/is-alphanumeric-1.0.0.tgz#4a9cef71daf4c001c1d81d63d140cf53fd6889f4"

is-alphanumerical@^1.0.0:
  version "1.0.1"
  resolved "https://registry.yarnpkg.com/is-alphanumerical/-/is-alphanumerical-1.0.1.tgz#dfb4aa4d1085e33bdb61c2dee9c80e9c6c19f53b"
  dependencies:
    is-alphabetical "^1.0.0"
    is-decimal "^1.0.0"

is-arrayish@^0.2.1:
  version "0.2.1"
  resolved "https://registry.yarnpkg.com/is-arrayish/-/is-arrayish-0.2.1.tgz#77c99840527aa8ecb1a8ba697b80645a7a926a9d"

is-binary-path@^2.1.0:
  version "2.1.0"
  resolved "https://registry.yarnpkg.com/is-binary-path/-/is-binary-path-2.1.0.tgz#ea1f7f3b80f064236e83470f86c09c254fb45b09"
  dependencies:
    binary-extensions "^2.0.0"

is-buffer@^2.0.0:
  version "2.0.3"
  resolved "https://registry.yarnpkg.com/is-buffer/-/is-buffer-2.0.3.tgz#4ecf3fcf749cbd1e472689e109ac66261a25e725"

is-decimal@^1.0.0:
  version "1.0.1"
  resolved "https://registry.yarnpkg.com/is-decimal/-/is-decimal-1.0.1.tgz#f5fb6a94996ad9e8e3761fbfbd091f1fca8c4e82"

is-decimal@^1.0.2:
  version "1.0.3"
  resolved "https://registry.yarnpkg.com/is-decimal/-/is-decimal-1.0.3.tgz#381068759b9dc807d8c0dc0bfbae2b68e1da48b7"

is-empty@^1.0.0:
  version "1.2.0"
  resolved "https://registry.yarnpkg.com/is-empty/-/is-empty-1.2.0.tgz#de9bb5b278738a05a0b09a57e1fb4d4a341a9f6b"

is-extglob@^2.1.1:
  version "2.1.1"
  resolved "https://registry.yarnpkg.com/is-extglob/-/is-extglob-2.1.1.tgz#a88c02535791f02ed37c76a1b9ea9773c833f8c2"

is-fullwidth-code-point@^3.0.0:
  version "3.0.0"
  resolved "https://registry.yarnpkg.com/is-fullwidth-code-point/-/is-fullwidth-code-point-3.0.0.tgz#f116f8064fe90b3f7844a38997c0b75051269f1d"

is-glob@^4.0.1:
  version "4.0.1"
  resolved "https://registry.yarnpkg.com/is-glob/-/is-glob-4.0.1.tgz#7567dbe9f2f5e2467bc77ab83c4a29482407a5dc"
  dependencies:
    is-extglob "^2.1.1"

is-hexadecimal@^1.0.0:
  version "1.0.1"
  resolved "https://registry.yarnpkg.com/is-hexadecimal/-/is-hexadecimal-1.0.1.tgz#6e084bbc92061fbb0971ec58b6ce6d404e24da69"

is-hidden@^1.0.1:
  version "1.1.1"
  resolved "https://registry.yarnpkg.com/is-hidden/-/is-hidden-1.1.1.tgz#82ee6a93aeef3fb007ad5b9457c0584d45329f38"

is-number@^7.0.0:
  version "7.0.0"
  resolved "https://registry.yarnpkg.com/is-number/-/is-number-7.0.0.tgz#7535345b896734d5f80c4d06c50955527a14f12b"

is-object@^1.0.1:
  version "1.0.1"
  resolved "https://registry.yarnpkg.com/is-object/-/is-object-1.0.1.tgz#8952688c5ec2ffd6b03ecc85e769e02903083470"

is-plain-obj@^2.0.0:
  version "2.0.0"
  resolved "https://registry.yarnpkg.com/is-plain-obj/-/is-plain-obj-2.0.0.tgz#7fd1a7f1b69e160cde9181d2313f445c68aa2679"

is-whitespace-character@^1.0.0:
  version "1.0.1"
  resolved "https://registry.yarnpkg.com/is-whitespace-character/-/is-whitespace-character-1.0.1.tgz#9ae0176f3282b65457a1992cdb084f8a5f833e3b"

is-word-character@^1.0.0:
  version "1.0.1"
  resolved "https://registry.yarnpkg.com/is-word-character/-/is-word-character-1.0.1.tgz#5a03fa1ea91ace8a6eb0c7cd770eb86d65c8befb"

isobject@^3.0.0:
  version "3.0.1"
  resolved "https://registry.yarnpkg.com/isobject/-/isobject-3.0.1.tgz#4e431e92b11a9731636aa1f9c8d1ccbcfdab78df"

js-yaml@^3.6.1:
  version "3.9.1"
  resolved "https://registry.yarnpkg.com/js-yaml/-/js-yaml-3.9.1.tgz#08775cebdfdd359209f0d2acd383c8f86a6904a0"
  dependencies:
    argparse "^1.0.7"
    esprima "^4.0.0"

json-parse-better-errors@^1.0.1:
  version "1.0.2"
  resolved "https://registry.yarnpkg.com/json-parse-better-errors/-/json-parse-better-errors-1.0.2.tgz#bb867cfb3450e69107c131d1c514bab3dc8bcaa9"

json5@^2.0.0:
  version "2.1.0"
  resolved "https://registry.yarnpkg.com/json5/-/json5-2.1.0.tgz#e7a0c62c48285c628d20a10b85c89bb807c32850"
  dependencies:
    minimist "^1.2.0"

load-plugin@^2.0.0:
  version "2.2.1"
  resolved "https://registry.yarnpkg.com/load-plugin/-/load-plugin-2.2.1.tgz#384def2b47be6edd65db0f18f368fd749b463edd"
  dependencies:
    npm-prefix "^1.2.0"
    resolve-from "^2.0.0"

longest-streak@^2.0.1:
  version "2.0.1"
  resolved "https://registry.yarnpkg.com/longest-streak/-/longest-streak-2.0.1.tgz#42d291b5411e40365c00e63193497e2247316e35"

markdown-escapes@^1.0.0:
  version "1.0.1"
  resolved "https://registry.yarnpkg.com/markdown-escapes/-/markdown-escapes-1.0.1.tgz#1994df2d3af4811de59a6714934c2b2292734518"

markdown-extensions@^1.1.0:
  version "1.1.0"
  resolved "https://registry.yarnpkg.com/markdown-extensions/-/markdown-extensions-1.1.0.tgz#fba0f1a2ebb4f4123d25b7a93bc35792c11f504e"

markdown-table@^1.1.0:
  version "1.1.1"
  resolved "https://registry.yarnpkg.com/markdown-table/-/markdown-table-1.1.1.tgz#4b3dd3a133d1518b8ef0dbc709bf2a1b4824bc8c"

mdast-comment-marker@^1.0.0:
  version "1.0.2"
  resolved "https://registry.yarnpkg.com/mdast-comment-marker/-/mdast-comment-marker-1.0.2.tgz#1ddf0ef811fb52439017c8d2c0b922035f2ba74a"

mdast-util-compact@^1.0.0:
  version "1.0.1"
  resolved "https://registry.yarnpkg.com/mdast-util-compact/-/mdast-util-compact-1.0.1.tgz#cdb5f84e2b6a2d3114df33bd05d9cb32e3c4083a"
  dependencies:
    unist-util-modify-children "^1.0.0"
    unist-util-visit "^1.1.0"

mdast-util-heading-style@^1.0.2:
  version "1.0.3"
  resolved "https://registry.yarnpkg.com/mdast-util-heading-style/-/mdast-util-heading-style-1.0.3.tgz#efb390dbc8aa016c3cf577a034900db27ee7247c"

mdast-util-to-string@^1.0.0, mdast-util-to-string@^1.0.2:
  version "1.0.4"
  resolved "https://registry.yarnpkg.com/mdast-util-to-string/-/mdast-util-to-string-1.0.4.tgz#5c455c878c9355f0c1e7f3e8b719cf583691acfb"

minimatch@^3.0.4:
  version "3.0.4"
  resolved "https://registry.yarnpkg.com/minimatch/-/minimatch-3.0.4.tgz#5166e286457f03306064be5497e8dbb0c3d32083"
  dependencies:
    brace-expansion "^1.1.7"

minimist@^1.2.0:
  version "1.2.0"
  resolved "https://registry.yarnpkg.com/minimist/-/minimist-1.2.0.tgz#a35008b20f41383eec1fb914f4cd5df79a264284"

ms@^2.1.1:
  version "2.1.1"
  resolved "https://registry.yarnpkg.com/ms/-/ms-2.1.1.tgz#30a5864eb3ebb0a66f2ebe6d727af06a09d86e0a"

normalize-path@^3.0.0:
  version "3.0.0"
  resolved "https://registry.yarnpkg.com/normalize-path/-/normalize-path-3.0.0.tgz#0dcd69ff23a1c9b11fd0978316644a0388216a65"

npm-prefix@^1.2.0:
  version "1.2.0"
  resolved "https://registry.yarnpkg.com/npm-prefix/-/npm-prefix-1.2.0.tgz#e619455f7074ba54cc66d6d0d37dd9f1be6bcbc0"
  dependencies:
    rc "^1.1.0"
    shellsubstitute "^1.1.0"
    untildify "^2.1.0"

object.defaults@^1.1.0:
  version "1.1.0"
  resolved "https://registry.yarnpkg.com/object.defaults/-/object.defaults-1.1.0.tgz#3a7f868334b407dea06da16d88d5cd29e435fecf"
  dependencies:
    array-each "^1.0.1"
    array-slice "^1.0.0"
    for-own "^1.0.0"
    isobject "^3.0.0"

once@^1.3.0:
  version "1.4.0"
  resolved "https://registry.yarnpkg.com/once/-/once-1.4.0.tgz#583b1aa775961d4b113ac17d9c50baef9dd76bd1"
  dependencies:
    wrappy "1"

os-homedir@^1.0.0:
  version "1.0.2"
  resolved "https://registry.yarnpkg.com/os-homedir/-/os-homedir-1.0.2.tgz#ffbc4988336e0e833de0c168c7ef152121aa7fb3"

parse-entities@^1.0.2:
  version "1.1.1"
  resolved "https://registry.yarnpkg.com/parse-entities/-/parse-entities-1.1.1.tgz#8112d88471319f27abae4d64964b122fe4e1b890"
  dependencies:
    character-entities "^1.0.0"
    character-entities-legacy "^1.0.0"
    character-reference-invalid "^1.0.0"
    is-alphanumerical "^1.0.0"
    is-decimal "^1.0.0"
    is-hexadecimal "^1.0.0"

parse-entities@^1.1.0:
  version "1.2.0"
  resolved "https://registry.yarnpkg.com/parse-entities/-/parse-entities-1.2.0.tgz#9deac087661b2e36814153cb78d7e54a4c5fd6f4"
  dependencies:
    character-entities "^1.0.0"
    character-entities-legacy "^1.0.0"
    character-reference-invalid "^1.0.0"
    is-alphanumerical "^1.0.0"
    is-decimal "^1.0.0"
    is-hexadecimal "^1.0.0"

parse-json@^4.0.0:
  version "4.0.0"
  resolved "https://registry.yarnpkg.com/parse-json/-/parse-json-4.0.0.tgz#be35f5425be1f7f6c747184f98a788cb99477ee0"
  dependencies:
    error-ex "^1.3.1"
    json-parse-better-errors "^1.0.1"

path-is-absolute@^1.0.0:
  version "1.0.1"
  resolved "https://registry.yarnpkg.com/path-is-absolute/-/path-is-absolute-1.0.1.tgz#174b9268735534ffbc7ace6bf53a5a9e1b5c5f5f"

picomatch@^2.0.4:
  version "2.0.7"
  resolved "https://registry.yarnpkg.com/picomatch/-/picomatch-2.0.7.tgz#514169d8c7cd0bdbeecc8a2609e34a7163de69f6"

plur@^2.1.2:
  version "2.1.2"
  resolved "https://registry.yarnpkg.com/plur/-/plur-2.1.2.tgz#7482452c1a0f508e3e344eaec312c91c29dc655a"
  dependencies:
    irregular-plurals "^1.0.0"

rc@^1.1.0:
  version "1.2.1"
  resolved "https://registry.yarnpkg.com/rc/-/rc-1.2.1.tgz#2e03e8e42ee450b8cb3dce65be1bf8974e1dfd95"
  dependencies:
    deep-extend "~0.4.0"
    ini "~1.3.0"
    minimist "^1.2.0"
    strip-json-comments "~2.0.1"

readable-stream@^3.0.2:
  version "3.4.0"
  resolved "https://registry.yarnpkg.com/readable-stream/-/readable-stream-3.4.0.tgz#a51c26754658e0a3c21dbf59163bd45ba6f447fc"
  dependencies:
    inherits "^2.0.3"
    string_decoder "^1.1.1"
    util-deprecate "^1.0.1"

readdirp@^3.1.1:
  version "3.1.1"
  resolved "https://registry.yarnpkg.com/readdirp/-/readdirp-3.1.1.tgz#b158123ac343c8b0f31d65680269cc0fc1025db1"
  dependencies:
    picomatch "^2.0.4"

remark-cli@^7.0.0:
  version "7.0.0"
  resolved "https://registry.yarnpkg.com/remark-cli/-/remark-cli-7.0.0.tgz#ed12602a9ddd5475e375f76973314f04c1f9368c"
  dependencies:
    markdown-extensions "^1.1.0"
    remark "^11.0.0"
    unified-args "^7.0.0"

remark-lint-alphabetize-lists@^2.0.1:
  version "2.0.1"
  resolved "https://registry.yarnpkg.com/remark-lint-alphabetize-lists/-/remark-lint-alphabetize-lists-2.0.1.tgz#ef1cce3546bac8731f12afcf97f1ed7c47d664d3"
  dependencies:
    mdast-util-to-string "^1.0.0"
    unified-lint-rule "^1.0.0"
    unist-util-visit "^1.0.0"

remark-lint-are-links-valid-core@^0.2.1:
  version "0.2.1"
  resolved "https://registry.yarnpkg.com/remark-lint-are-links-valid-core/-/remark-lint-are-links-valid-core-0.2.1.tgz#c2cd5dde5535793ea0985de45748db6035f46cc0"
  dependencies:
    object.defaults "^1.1.0"
    unified-lint-rule "^1.0.1"
    unist-util-visit "^1.1.3"

remark-lint-are-links-valid-duplicate@^0.2.2:
  version "0.2.2"
  resolved "https://registry.yarnpkg.com/remark-lint-are-links-valid-duplicate/-/remark-lint-are-links-valid-duplicate-0.2.2.tgz#89009e95741edac5d44badfcc9484e7762d55dd6"
  dependencies:
    remark-lint-are-links-valid-core "^0.2.1"

remark-lint-final-newline@^1.0.0:
  version "1.0.0"
  resolved "https://registry.yarnpkg.com/remark-lint-final-newline/-/remark-lint-final-newline-1.0.0.tgz#8d935502b44384b98716a8fe109e44272eb72321"
  dependencies:
    unified-lint-rule "^1.0.0"

remark-lint-hard-break-spaces@^1.0.0:
  version "1.0.1"
  resolved "https://registry.yarnpkg.com/remark-lint-hard-break-spaces/-/remark-lint-hard-break-spaces-1.0.1.tgz#9c82118cc97a92d9e9979736c5b51b9af0ffa28f"
  dependencies:
    unified-lint-rule "^1.0.0"
    unist-util-generated "^1.1.0"
    unist-util-position "^3.0.0"
    unist-util-visit "^1.1.1"

remark-lint-list-item-bullet-indent@^1.0.0:
  version "1.0.0"
  resolved "https://registry.yarnpkg.com/remark-lint-list-item-bullet-indent/-/remark-lint-list-item-bullet-indent-1.0.0.tgz#2443ab360a3de649e966eccb413cac643e4947cd"
  dependencies:
    plur "^2.1.2"
    unified-lint-rule "^1.0.0"
    unist-util-generated "^1.1.0"
    unist-util-position "^3.0.0"
    unist-util-visit "^1.1.1"

remark-lint-list-item-indent@^1.0.0:
  version "1.0.0"
  resolved "https://registry.yarnpkg.com/remark-lint-list-item-indent/-/remark-lint-list-item-indent-1.0.0.tgz#4d0f44b62b8735571ac678c43c9d2c9cb8f69f6f"
  dependencies:
    plur "^2.1.2"
    unified-lint-rule "^1.0.0"
    unist-util-generated "^1.1.0"
    unist-util-position "^3.0.0"
    unist-util-visit "^1.1.1"

remark-lint-no-auto-link-without-protocol@^1.0.0:
  version "1.0.0"
  resolved "https://registry.yarnpkg.com/remark-lint-no-auto-link-without-protocol/-/remark-lint-no-auto-link-without-protocol-1.0.0.tgz#41772c297a2cf127a0a937c77403defdfcc2dd5f"
  dependencies:
    mdast-util-to-string "^1.0.2"
    unified-lint-rule "^1.0.0"
    unist-util-generated "^1.1.0"
    unist-util-position "^3.0.0"
    unist-util-visit "^1.1.1"

remark-lint-no-blockquote-without-marker@^2.0.0:
  version "2.0.0"
  resolved "https://registry.yarnpkg.com/remark-lint-no-blockquote-without-marker/-/remark-lint-no-blockquote-without-marker-2.0.0.tgz#47bc2ddffd32112433193972d8be939fd53ccc45"
  dependencies:
    unified-lint-rule "^1.0.0"
    unist-util-generated "^1.1.0"
    unist-util-position "^3.0.0"
    unist-util-visit "^1.1.1"
    vfile-location "^2.0.1"

remark-lint-no-duplicate-definitions@^1.0.0:
  version "1.0.0"
  resolved "https://registry.yarnpkg.com/remark-lint-no-duplicate-definitions/-/remark-lint-no-duplicate-definitions-1.0.0.tgz#26b42cd8ed8eab9d2d75842c98d36b4be6530b73"
  dependencies:
    unified-lint-rule "^1.0.0"
    unist-util-generated "^1.1.0"
    unist-util-position "^3.0.0"
    unist-util-visit "^1.1.1"

remark-lint-no-heading-content-indent@^1.0.0:
  version "1.0.0"
  resolved "https://registry.yarnpkg.com/remark-lint-no-heading-content-indent/-/remark-lint-no-heading-content-indent-1.0.0.tgz#a271afd9664d6e4f775b366124f2973bfb1f4535"
  dependencies:
    mdast-util-heading-style "^1.0.2"
    plur "^2.1.2"
    unified-lint-rule "^1.0.0"
    unist-util-generated "^1.1.0"
    unist-util-position "^3.0.0"
    unist-util-visit "^1.1.1"

remark-lint-no-inline-padding@^1.0.0:
  version "1.0.0"
  resolved "https://registry.yarnpkg.com/remark-lint-no-inline-padding/-/remark-lint-no-inline-padding-1.0.0.tgz#d5fa45aa086f3d5c0548fb2d11a020950e2e42bc"
  dependencies:
    mdast-util-to-string "^1.0.2"
    unified-lint-rule "^1.0.0"
    unist-util-generated "^1.1.0"
    unist-util-visit "^1.1.1"

remark-lint-no-literal-urls@^1.0.0:
  version "1.0.0"
  resolved "https://registry.yarnpkg.com/remark-lint-no-literal-urls/-/remark-lint-no-literal-urls-1.0.0.tgz#ca437ef266618891341895d6d0fab6cd2ee37f3b"
  dependencies:
    mdast-util-to-string "^1.0.2"
    unified-lint-rule "^1.0.0"
    unist-util-generated "^1.1.0"
    unist-util-position "^3.0.0"
    unist-util-visit "^1.1.1"

remark-lint-no-shortcut-reference-image@^1.0.0:
  version "1.0.0"
  resolved "https://registry.yarnpkg.com/remark-lint-no-shortcut-reference-image/-/remark-lint-no-shortcut-reference-image-1.0.0.tgz#7359b8204c25b016fdcc88947a7952f69ef792be"
  dependencies:
    unified-lint-rule "^1.0.0"
    unist-util-generated "^1.1.0"
    unist-util-visit "^1.1.1"

remark-lint-no-shortcut-reference-link@^1.0.0:
  version "1.0.1"
  resolved "https://registry.yarnpkg.com/remark-lint-no-shortcut-reference-link/-/remark-lint-no-shortcut-reference-link-1.0.1.tgz#02534449ecdda439f70f4e0e8cc9d1a1406b229c"
  dependencies:
    unified-lint-rule "^1.0.0"
    unist-util-generated "^1.1.0"
    unist-util-visit "^1.1.1"

remark-lint-no-undefined-references@^1.0.0:
  version "1.0.0"
  resolved "https://registry.yarnpkg.com/remark-lint-no-undefined-references/-/remark-lint-no-undefined-references-1.0.0.tgz#fb1dda99610519343e17b02c34a5b9daf0b4f7e9"
  dependencies:
    unified-lint-rule "^1.0.0"
    unist-util-generated "^1.1.0"
    unist-util-visit "^1.1.1"

remark-lint-no-unused-definitions@^1.0.0:
  version "1.0.0"
  resolved "https://registry.yarnpkg.com/remark-lint-no-unused-definitions/-/remark-lint-no-unused-definitions-1.0.0.tgz#41c4b7b799889c24e70134065d7cff5b90c456ed"
  dependencies:
    unified-lint-rule "^1.0.0"
    unist-util-generated "^1.1.0"
    unist-util-visit "^1.1.1"

remark-lint-ordered-list-marker-style@^1.0.0:
  version "1.0.0"
  resolved "https://registry.yarnpkg.com/remark-lint-ordered-list-marker-style/-/remark-lint-ordered-list-marker-style-1.0.0.tgz#0b486efb9af4abc5646c7a58bf22393c7d2220a1"
  dependencies:
    unified-lint-rule "^1.0.0"
    unist-util-generated "^1.1.0"
    unist-util-position "^3.0.0"
    unist-util-visit "^1.1.1"

remark-lint@^6.0.0, remark-lint@^6.0.5:
  version "6.0.5"
  resolved "https://registry.yarnpkg.com/remark-lint/-/remark-lint-6.0.5.tgz#fbb864d56bf83d2e5d23ea7e346ca5e36710fda3"
  dependencies:
    remark-message-control "^4.0.0"

remark-message-control@^4.0.0:
  version "4.0.1"
  resolved "https://registry.yarnpkg.com/remark-message-control/-/remark-message-control-4.0.1.tgz#2913cd60b316d9f9f390aa7f34639d20cf55996d"
  dependencies:
    mdast-comment-marker "^1.0.0"
    trim "0.0.1"
    unist-util-visit "^1.0.0"
    vfile-location "^2.0.0"

remark-parse@^7.0.0:
  version "7.0.0"
  resolved "https://registry.yarnpkg.com/remark-parse/-/remark-parse-7.0.0.tgz#2c4c420292eb2af6124161c931d1dfba9fbef940"
  dependencies:
    collapse-white-space "^1.0.2"
    is-alphabetical "^1.0.0"
    is-decimal "^1.0.0"
    is-whitespace-character "^1.0.0"
    is-word-character "^1.0.0"
    markdown-escapes "^1.0.0"
    parse-entities "^1.1.0"
    repeat-string "^1.5.4"
    state-toggle "^1.0.0"
    trim "0.0.1"
    trim-trailing-lines "^1.0.0"
    unherit "^1.0.4"
    unist-util-remove-position "^1.0.0"
    vfile-location "^2.0.0"
    xtend "^4.0.1"

remark-preset-lint-recommended@^3.0.3:
  version "3.0.3"
  resolved "https://registry.yarnpkg.com/remark-preset-lint-recommended/-/remark-preset-lint-recommended-3.0.3.tgz#1322af0e49801278057f8f275ed1b6ed60328b40"
  dependencies:
    remark-lint "^6.0.0"
    remark-lint-final-newline "^1.0.0"
    remark-lint-hard-break-spaces "^1.0.0"
    remark-lint-list-item-bullet-indent "^1.0.0"
    remark-lint-list-item-indent "^1.0.0"
    remark-lint-no-auto-link-without-protocol "^1.0.0"
    remark-lint-no-blockquote-without-marker "^2.0.0"
    remark-lint-no-duplicate-definitions "^1.0.0"
    remark-lint-no-heading-content-indent "^1.0.0"
    remark-lint-no-inline-padding "^1.0.0"
    remark-lint-no-literal-urls "^1.0.0"
    remark-lint-no-shortcut-reference-image "^1.0.0"
    remark-lint-no-shortcut-reference-link "^1.0.0"
    remark-lint-no-undefined-references "^1.0.0"
    remark-lint-no-unused-definitions "^1.0.0"
    remark-lint-ordered-list-marker-style "^1.0.0"

remark-stringify@^7.0.0:
  version "7.0.0"
  resolved "https://registry.yarnpkg.com/remark-stringify/-/remark-stringify-7.0.0.tgz#c2453f3e0371ae195bce94b6846fe765446dc97b"
  dependencies:
    ccount "^1.0.0"
    is-alphanumeric "^1.0.0"
    is-decimal "^1.0.0"
    is-whitespace-character "^1.0.0"
    longest-streak "^2.0.1"
    markdown-escapes "^1.0.0"
    markdown-table "^1.1.0"
    mdast-util-compact "^1.0.0"
    parse-entities "^1.0.2"
    repeat-string "^1.5.4"
    state-toggle "^1.0.0"
    stringify-entities "^2.0.0"
    unherit "^1.0.4"
    xtend "^4.0.1"

remark@^11.0.0:
  version "11.0.0"
  resolved "https://registry.yarnpkg.com/remark/-/remark-11.0.0.tgz#60abd37f3084d3a1071a56207216806c495dcca1"
  dependencies:
    remark-parse "^7.0.0"
    remark-stringify "^7.0.0"
    unified "^8.2.0"

repeat-string@^1.5.0, repeat-string@^1.5.4:
  version "1.6.1"
  resolved "https://registry.yarnpkg.com/repeat-string/-/repeat-string-1.6.1.tgz#8dcae470e1c88abc2d600fff4a776286da75e637"

replace-ext@1.0.0:
  version "1.0.0"
  resolved "https://registry.yarnpkg.com/replace-ext/-/replace-ext-1.0.0.tgz#de63128373fcbf7c3ccfa4de5a480c45a67958eb"

resolve-from@^2.0.0:
  version "2.0.0"
  resolved "https://registry.yarnpkg.com/resolve-from/-/resolve-from-2.0.0.tgz#9480ab20e94ffa1d9e80a804c7ea147611966b57"

safe-buffer@~5.1.0:
  version "5.1.1"
  resolved "https://registry.yarnpkg.com/safe-buffer/-/safe-buffer-5.1.1.tgz#893312af69b2123def71f57889001671eeb2c853"

shellsubstitute@^1.1.0:
  version "1.2.0"
  resolved "https://registry.yarnpkg.com/shellsubstitute/-/shellsubstitute-1.2.0.tgz#e4f702a50c518b0f6fe98451890d705af29b6b70"

sliced@^1.0.1:
  version "1.0.1"
  resolved "https://registry.yarnpkg.com/sliced/-/sliced-1.0.1.tgz#0b3a662b5d04c3177b1926bea82b03f837a2ef41"

sprintf-js@~1.0.2:
  version "1.0.3"
  resolved "https://registry.yarnpkg.com/sprintf-js/-/sprintf-js-1.0.3.tgz#04e6926f662895354f3dd015203633b857297e2c"

state-toggle@^1.0.0:
  version "1.0.0"
  resolved "https://registry.yarnpkg.com/state-toggle/-/state-toggle-1.0.0.tgz#d20f9a616bb4f0c3b98b91922d25b640aa2bc425"

string-width@^4.0.0:
  version "4.1.0"
  resolved "https://registry.yarnpkg.com/string-width/-/string-width-4.1.0.tgz#ba846d1daa97c3c596155308063e075ed1c99aff"
  dependencies:
    emoji-regex "^8.0.0"
    is-fullwidth-code-point "^3.0.0"
    strip-ansi "^5.2.0"

string_decoder@^1.1.1:
  version "1.2.0"
  resolved "https://registry.yarnpkg.com/string_decoder/-/string_decoder-1.2.0.tgz#fe86e738b19544afe70469243b2a1ee9240eae8d"
  dependencies:
    safe-buffer "~5.1.0"

stringify-entities@^2.0.0:
  version "2.0.0"
  resolved "https://registry.yarnpkg.com/stringify-entities/-/stringify-entities-2.0.0.tgz#fa7ca6614b355fb6c28448140a20c4ede7462827"
  dependencies:
    character-entities-html4 "^1.0.0"
    character-entities-legacy "^1.0.0"
    is-alphanumerical "^1.0.0"
    is-decimal "^1.0.2"
    is-hexadecimal "^1.0.0"

strip-ansi@^5.2.0:
  version "5.2.0"
  resolved "https://registry.yarnpkg.com/strip-ansi/-/strip-ansi-5.2.0.tgz#8c9a536feb6afc962bdfa5b104a5091c1ad9c0ae"
  dependencies:
    ansi-regex "^4.1.0"

strip-json-comments@~2.0.1:
  version "2.0.1"
  resolved "https://registry.yarnpkg.com/strip-json-comments/-/strip-json-comments-2.0.1.tgz#3c531942e908c2697c0ec344858c286c7ca0a60a"

supports-color@^4.0.0:
  version "4.2.1"
  resolved "https://registry.yarnpkg.com/supports-color/-/supports-color-4.2.1.tgz#65a4bb2631e90e02420dba5554c375a4754bb836"
  dependencies:
    has-flag "^2.0.0"

supports-color@^6.0.0:
  version "6.1.0"
  resolved "https://registry.yarnpkg.com/supports-color/-/supports-color-6.1.0.tgz#0764abc69c63d5ac842dd4867e8d025e880df8f3"
  dependencies:
    has-flag "^3.0.0"

text-table@^0.2.0:
  version "0.2.0"
  resolved "https://registry.yarnpkg.com/text-table/-/text-table-0.2.0.tgz#7f5ee823ae805207c00af2df4a84ec3fcfa570b4"

to-regex-range@^5.0.1:
  version "5.0.1"
  resolved "https://registry.yarnpkg.com/to-regex-range/-/to-regex-range-5.0.1.tgz#1648c44aae7c8d988a326018ed72f5b4dd0392e4"
  dependencies:
    is-number "^7.0.0"

to-vfile@^6.0.0:
  version "6.0.0"
  resolved "https://registry.yarnpkg.com/to-vfile/-/to-vfile-6.0.0.tgz#96c4aa0ee09c51dd4e8fd0b9c11da040d7dba9ea"
  dependencies:
    is-buffer "^2.0.0"
    vfile "^4.0.0"

trim-trailing-lines@^1.0.0:
  version "1.1.0"
  resolved "https://registry.yarnpkg.com/trim-trailing-lines/-/trim-trailing-lines-1.1.0.tgz#7aefbb7808df9d669f6da2e438cac8c46ada7684"

trim@0.0.1:
  version "0.0.1"
  resolved "https://registry.yarnpkg.com/trim/-/trim-0.0.1.tgz#5858547f6b290757ee95cccc666fb50084c460dd"

trough@^1.0.0:
  version "1.0.1"
  resolved "https://registry.yarnpkg.com/trough/-/trough-1.0.1.tgz#a9fd8b0394b0ae8fff82e0633a0a36ccad5b5f86"

typedarray@^0.0.6:
  version "0.0.6"
  resolved "https://registry.yarnpkg.com/typedarray/-/typedarray-0.0.6.tgz#867ac74e3864187b1d3d47d996a78ec5c8830777"

unherit@^1.0.4:
  version "1.1.0"
  resolved "https://registry.yarnpkg.com/unherit/-/unherit-1.1.0.tgz#6b9aaedfbf73df1756ad9e316dd981885840cd7d"
  dependencies:
    inherits "^2.0.1"
    xtend "^4.0.1"

unified-args@^7.0.0:
  version "7.1.0"
  resolved "https://registry.yarnpkg.com/unified-args/-/unified-args-7.1.0.tgz#cd87a0ee54aa88d2308b5e0616dc1d289f1c351d"
  dependencies:
    camelcase "^5.0.0"
    chalk "^2.0.0"
    chokidar "^3.0.0"
    fault "^1.0.2"
    json5 "^2.0.0"
    minimist "^1.2.0"
    text-table "^0.2.0"
    unified-engine "^7.0.0"

unified-engine@^7.0.0:
  version "7.0.0"
  resolved "https://registry.yarnpkg.com/unified-engine/-/unified-engine-7.0.0.tgz#37df3a0369d94435fa5a233d8cb40de23f89e476"
  dependencies:
    concat-stream "^2.0.0"
    debug "^4.0.0"
    fault "^1.0.0"
    figures "^3.0.0"
    fn-name "^2.0.1"
    glob "^7.0.3"
    ignore "^5.0.0"
    is-empty "^1.0.0"
    is-hidden "^1.0.1"
    is-object "^1.0.1"
    js-yaml "^3.6.1"
    load-plugin "^2.0.0"
    parse-json "^4.0.0"
    to-vfile "^6.0.0"
    trough "^1.0.0"
    unist-util-inspect "^4.1.2"
    vfile-reporter "^6.0.0"
    vfile-statistics "^1.1.0"
    x-is-string "^0.1.0"
    xtend "^4.0.1"

unified-lint-rule@^1.0.0, unified-lint-rule@^1.0.1:
  version "1.0.1"
  resolved "https://registry.yarnpkg.com/unified-lint-rule/-/unified-lint-rule-1.0.1.tgz#1bf733d40e667bf1915c7156a83663ed00666c57"
  dependencies:
    wrapped "^1.0.1"

unified@^8.2.0:
  version "8.3.2"
  resolved "https://registry.yarnpkg.com/unified/-/unified-8.3.2.tgz#aed69d0e577d6ef27268431c63a10faef60e63ab"
  dependencies:
    bail "^1.0.0"
    extend "^3.0.0"
    is-plain-obj "^2.0.0"
    trough "^1.0.0"
    vfile "^4.0.0"

unist-util-generated@^1.1.0:
  version "1.1.1"
  resolved "https://registry.yarnpkg.com/unist-util-generated/-/unist-util-generated-1.1.1.tgz#99f16c78959ac854dee7c615c291924c8bf4de7f"

unist-util-inspect@^4.1.2:
  version "4.1.3"
  resolved "https://registry.yarnpkg.com/unist-util-inspect/-/unist-util-inspect-4.1.3.tgz#39470e6d77485db285966df78431219aa1287822"
  dependencies:
    is-empty "^1.0.0"

unist-util-modify-children@^1.0.0:
  version "1.1.1"
  resolved "https://registry.yarnpkg.com/unist-util-modify-children/-/unist-util-modify-children-1.1.1.tgz#66d7e6a449e6f67220b976ab3cb8b5ebac39e51d"
  dependencies:
    array-iterate "^1.0.0"

unist-util-position@^3.0.0:
  version "3.0.0"
  resolved "https://registry.yarnpkg.com/unist-util-position/-/unist-util-position-3.0.0.tgz#e6e1e03eeeb81c5e1afe553e8d4adfbd7c0d8f82"

unist-util-remove-position@^1.0.0:
  version "1.1.1"
  resolved "https://registry.yarnpkg.com/unist-util-remove-position/-/unist-util-remove-position-1.1.1.tgz#5a85c1555fc1ba0c101b86707d15e50fa4c871bb"
  dependencies:
    unist-util-visit "^1.1.0"

unist-util-stringify-position@^2.0.0:
  version "2.0.1"
  resolved "https://registry.yarnpkg.com/unist-util-stringify-position/-/unist-util-stringify-position-2.0.1.tgz#de2a2bc8d3febfa606652673a91455b6a36fb9f3"
  dependencies:
    "@types/unist" "^2.0.2"

unist-util-visit@^1.0.0, unist-util-visit@^1.1.0, unist-util-visit@^1.1.1, unist-util-visit@^1.1.3:
  version "1.1.3"
  resolved "https://registry.yarnpkg.com/unist-util-visit/-/unist-util-visit-1.1.3.tgz#ec268e731b9d277a79a5b5aa0643990e405d600b"

untildify@^2.1.0:
  version "2.1.0"
  resolved "https://registry.yarnpkg.com/untildify/-/untildify-2.1.0.tgz#17eb2807987f76952e9c0485fc311d06a826a2e0"
  dependencies:
    os-homedir "^1.0.0"

util-deprecate@^1.0.1:
  version "1.0.2"
  resolved "https://registry.yarnpkg.com/util-deprecate/-/util-deprecate-1.0.2.tgz#450d4dc9fa70de732762fbd2d4a28981419a0ccf"

vfile-location@^2.0.0, vfile-location@^2.0.1:
  version "2.0.2"
  resolved "https://registry.yarnpkg.com/vfile-location/-/vfile-location-2.0.2.tgz#d3675c59c877498e492b4756ff65e4af1a752255"

vfile-message@^2.0.0:
  version "2.0.1"
  resolved "https://registry.yarnpkg.com/vfile-message/-/vfile-message-2.0.1.tgz#951881861c22fc1eb39f873c0b93e336a64e8f6d"
  dependencies:
    "@types/unist" "^2.0.2"
    unist-util-stringify-position "^2.0.0"

vfile-reporter@^6.0.0:
  version "6.0.0"
  resolved "https://registry.yarnpkg.com/vfile-reporter/-/vfile-reporter-6.0.0.tgz#753119f51dec9289b7508b457afc0cddf5e07f2e"
  dependencies:
    repeat-string "^1.5.0"
    string-width "^4.0.0"
    supports-color "^6.0.0"
    unist-util-stringify-position "^2.0.0"
    vfile-sort "^2.1.2"
    vfile-statistics "^1.1.0"

vfile-sort@^2.1.2:
  version "2.2.0"
  resolved "https://registry.yarnpkg.com/vfile-sort/-/vfile-sort-2.2.0.tgz#383a8727ec4c5daf37c05683684a5eb686366d39"

vfile-statistics@^1.1.0:
  version "1.1.0"
  resolved "https://registry.yarnpkg.com/vfile-statistics/-/vfile-statistics-1.1.0.tgz#02104c60fdeed1d11b1f73ad65330b7634b3d895"

vfile@^4.0.0:
  version "4.0.1"
  resolved "https://registry.yarnpkg.com/vfile/-/vfile-4.0.1.tgz#fc3d43a1c71916034216bf65926d5ee3c64ed60c"
  dependencies:
    "@types/unist" "^2.0.0"
    is-buffer "^2.0.0"
    replace-ext "1.0.0"
    unist-util-stringify-position "^2.0.0"
    vfile-message "^2.0.0"

wrapped@^1.0.1:
  version "1.0.1"
  resolved "https://registry.yarnpkg.com/wrapped/-/wrapped-1.0.1.tgz#c783d9d807b273e9b01e851680a938c87c907242"
  dependencies:
    co "3.1.0"
    sliced "^1.0.1"

wrappy@1:
  version "1.0.2"
  resolved "https://registry.yarnpkg.com/wrappy/-/wrappy-1.0.2.tgz#b5243d8f3ec1aa35f1364605bc0d1036e30ab69f"

x-is-string@^0.1.0:
  version "0.1.0"
  resolved "https://registry.yarnpkg.com/x-is-string/-/x-is-string-0.1.0.tgz#474b50865af3a49a9c4657f05acd145458f77d82"

xtend@^4.0.1:
  version "4.0.1"
  resolved "https://registry.yarnpkg.com/xtend/-/xtend-4.0.1.tgz#a5c6d532be656e23db820efb943a1f04998d63af"
