# THIS IS AN AUTOGENERATED FILE. DO NOT EDIT THIS FILE DIRECTLY.
# yarn lockfile v1


"@babel/code-frame@^7.0.0":
  version "7.10.4"
  resolved "https://registry.yarnpkg.com/@babel/code-frame/-/code-frame-7.10.4.tgz#168da1a36e90da68ae8d49c0f1b48c7c6249213a"
  dependencies:
    "@babel/highlight" "^7.10.4"

"@babel/helper-validator-identifier@^7.10.4":
  version "7.10.4"
  resolved "https://registry.yarnpkg.com/@babel/helper-validator-identifier/-/helper-validator-identifier-7.10.4.tgz#a78c7a7251e01f616512d31b10adcf52ada5e0d2"

"@babel/highlight@^7.10.4":
  version "7.10.4"
  resolved "https://registry.yarnpkg.com/@babel/highlight/-/highlight-7.10.4.tgz#7d1bdfd65753538fabe6c38596cdb76d9ac60143"
  dependencies:
    "@babel/helper-validator-identifier" "^7.10.4"
    chalk "^2.0.0"
    js-tokens "^4.0.0"

"@types/color-name@^1.1.1":
  version "1.1.1"
  resolved "https://registry.yarnpkg.com/@types/color-name/-/color-name-1.1.1.tgz#1c1261bbeaa10a8055bbc5d8ab84b7b2afc846a0"

"@types/mdast@^3.0.0":
  version "3.0.3"
  resolved "https://registry.yarnpkg.com/@types/mdast/-/mdast-3.0.3.tgz#2d7d671b1cd1ea3deb306ea75036c2a0407d2deb"
  dependencies:
    "@types/unist" "*"

"@types/unist@*", "@types/unist@^2.0.0", "@types/unist@^2.0.2":
  version "2.0.3"
  resolved "https://registry.yarnpkg.com/@types/unist/-/unist-2.0.3.tgz#9c088679876f374eb5983f150d4787aa6fb32d7e"

ansi-regex@^5.0.0:
  version "5.0.0"
  resolved "https://registry.yarnpkg.com/ansi-regex/-/ansi-regex-5.0.0.tgz#388539f55179bf39339c81af30a654d69f87cb75"

ansi-styles@^3.1.0:
  version "3.2.0"
  resolved "https://registry.yarnpkg.com/ansi-styles/-/ansi-styles-3.2.0.tgz#c159b8d5be0f9e5a6f346dab94f16ce022161b88"
  dependencies:
    color-convert "^1.9.0"

ansi-styles@^4.1.0:
  version "4.2.1"
  resolved "https://registry.yarnpkg.com/ansi-styles/-/ansi-styles-4.2.1.tgz#90ae75c424d008d2624c5bf29ead3177ebfcf359"
  dependencies:
    "@types/color-name" "^1.1.1"
    color-convert "^2.0.1"

anymatch@~3.1.1:
  version "3.1.1"
  resolved "https://registry.yarnpkg.com/anymatch/-/anymatch-3.1.1.tgz#c55ecf02185e2469259399310c173ce31233b142"
  dependencies:
    normalize-path "^3.0.0"
    picomatch "^2.0.4"

argparse@^1.0.7:
  version "1.0.10"
  resolved "https://registry.yarnpkg.com/argparse/-/argparse-1.0.10.tgz#bcd6791ea5ae09725e17e5ad988134cd40b3d911"
  dependencies:
    sprintf-js "~1.0.2"

array-each@^1.0.1:
  version "1.0.1"
  resolved "https://registry.yarnpkg.com/array-each/-/array-each-1.0.1.tgz#a794af0c05ab1752846ee753a1f211a05ba0c44f"

array-slice@^1.0.0:
  version "1.0.0"
  resolved "https://registry.yarnpkg.com/array-slice/-/array-slice-1.0.0.tgz#e73034f00dcc1f40876008fd20feae77bd4b7c2f"

bail@^1.0.0:
  version "1.0.2"
  resolved "https://registry.yarnpkg.com/bail/-/bail-1.0.2.tgz#f7d6c1731630a9f9f0d4d35ed1f962e2074a1764"

balanced-match@^1.0.0:
  version "1.0.0"
  resolved "https://registry.yarnpkg.com/balanced-match/-/balanced-match-1.0.0.tgz#89b4d199ab2bee49de164ea02b89ce462d71b767"

binary-extensions@^2.0.0:
  version "2.1.0"
  resolved "https://registry.yarnpkg.com/binary-extensions/-/binary-extensions-2.1.0.tgz#30fa40c9e7fe07dbc895678cd287024dea241dd9"

brace-expansion@^1.1.7:
  version "1.1.8"
  resolved "https://registry.yarnpkg.com/brace-expansion/-/brace-expansion-1.1.8.tgz#c07b211c7c952ec1f8efd51a77ef0d1d3990a292"
  dependencies:
    balanced-match "^1.0.0"
    concat-map "0.0.1"

braces@~3.0.2:
  version "3.0.2"
  resolved "https://registry.yarnpkg.com/braces/-/braces-3.0.2.tgz#3454e1a462ee8d599e236df336cd9ea4f8afe107"
  dependencies:
    fill-range "^7.0.1"

buffer-from@^1.0.0:
  version "1.1.1"
  resolved "https://registry.yarnpkg.com/buffer-from/-/buffer-from-1.1.1.tgz#32713bc028f75c02fdb710d7c7bcec1f2c6070ef"

camelcase@^5.0.0:
  version "5.0.0"
  resolved "https://registry.yarnpkg.com/camelcase/-/camelcase-5.0.0.tgz#03295527d58bd3cd4aa75363f35b2e8d97be2f42"

chalk@^2.0.0:
  version "2.0.1"
  resolved "https://registry.yarnpkg.com/chalk/-/chalk-2.0.1.tgz#dbec49436d2ae15f536114e76d14656cdbc0f44d"
  dependencies:
    ansi-styles "^3.1.0"
    escape-string-regexp "^1.0.5"
    supports-color "^4.0.0"

chalk@^3.0.0:
  version "3.0.0"
  resolved "https://registry.yarnpkg.com/chalk/-/chalk-3.0.0.tgz#3f73c2bf526591f574cc492c51e2456349f844e4"
  dependencies:
    ansi-styles "^4.1.0"
    supports-color "^7.1.0"

character-entities-html4@^1.0.0:
  version "1.1.1"
  resolved "https://registry.yarnpkg.com/character-entities-html4/-/character-entities-html4-1.1.1.tgz#359a2a4a0f7e29d3dc2ac99bdbe21ee39438ea50"

character-entities-legacy@^1.0.0:
  version "1.1.1"
  resolved "https://registry.yarnpkg.com/character-entities-legacy/-/character-entities-legacy-1.1.1.tgz#f40779df1a101872bb510a3d295e1fccf147202f"

character-entities@^1.0.0:
  version "1.2.1"
  resolved "https://registry.yarnpkg.com/character-entities/-/character-entities-1.2.1.tgz#f76871be5ef66ddb7f8f8e3478ecc374c27d6dca"

character-reference-invalid@^1.0.0:
  version "1.1.1"
  resolved "https://registry.yarnpkg.com/character-reference-invalid/-/character-reference-invalid-1.1.1.tgz#942835f750e4ec61a308e60c2ef8cc1011202efc"

chokidar@^3.0.0:
  version "3.4.0"
  resolved "https://registry.yarnpkg.com/chokidar/-/chokidar-3.4.0.tgz#b30611423ce376357c765b9b8f904b9fba3c0be8"
  dependencies:
    anymatch "~3.1.1"
    braces "~3.0.2"
    glob-parent "~5.1.0"
    is-binary-path "~2.1.0"
    is-glob "~4.0.1"
    normalize-path "~3.0.0"
    readdirp "~3.4.0"
  optionalDependencies:
    fsevents "~2.1.2"

co@3.1.0:
  version "3.1.0"
  resolved "https://registry.yarnpkg.com/co/-/co-3.1.0.tgz#4ea54ea5a08938153185e15210c68d9092bc1b78"

collapse-white-space@^1.0.4:
  version "1.0.6"
  resolved "https://registry.yarnpkg.com/collapse-white-space/-/collapse-white-space-1.0.6.tgz#e63629c0016665792060dbbeb79c42239d2c5287"

color-convert@^1.9.0:
  version "1.9.0"
  resolved "https://registry.yarnpkg.com/color-convert/-/color-convert-1.9.0.tgz#1accf97dd739b983bf994d56fec8f95853641b7a"
  dependencies:
    color-name "^1.1.1"

color-convert@^2.0.1:
  version "2.0.1"
  resolved "https://registry.yarnpkg.com/color-convert/-/color-convert-2.0.1.tgz#72d3a68d598c9bdb3af2ad1e84f21d896abd4de3"
  dependencies:
    color-name "~1.1.4"

color-name@^1.1.1:
  version "1.1.3"
  resolved "https://registry.yarnpkg.com/color-name/-/color-name-1.1.3.tgz#a7d0558bd89c42f795dd42328f740831ca53bc25"

color-name@~1.1.4:
  version "1.1.4"
  resolved "https://registry.yarnpkg.com/color-name/-/color-name-1.1.4.tgz#c2a09a87acbde69543de6f63fa3995c826c536a2"

concat-map@0.0.1:
  version "0.0.1"
  resolved "https://registry.yarnpkg.com/concat-map/-/concat-map-0.0.1.tgz#d8a96bd77fd68df7793a73036a3ba0d5405d477b"

concat-stream@^2.0.0:
  version "2.0.0"
  resolved "https://registry.yarnpkg.com/concat-stream/-/concat-stream-2.0.0.tgz#414cf5af790a48c60ab9be4527d56d5e41133cb1"
  dependencies:
    buffer-from "^1.0.0"
    inherits "^2.0.3"
    readable-stream "^3.0.2"
    typedarray "^0.0.6"

debug@^4.0.0:
  version "4.1.1"
  resolved "https://registry.yarnpkg.com/debug/-/debug-4.1.1.tgz#3b72260255109c6b589cee050f1d516139664791"
  dependencies:
    ms "^2.1.1"

emoji-regex@^8.0.0:
  version "8.0.0"
  resolved "https://registry.yarnpkg.com/emoji-regex/-/emoji-regex-8.0.0.tgz#e818fd69ce5ccfcb404594f842963bf53164cc37"

error-ex@^1.3.1:
  version "1.3.2"
  resolved "https://registry.yarnpkg.com/error-ex/-/error-ex-1.3.2.tgz#b4ac40648107fdcdcfae242f428bea8a14d4f1bf"
  dependencies:
    is-arrayish "^0.2.1"

escape-string-regexp@^1.0.5:
  version "1.0.5"
  resolved "https://registry.yarnpkg.com/escape-string-regexp/-/escape-string-regexp-1.0.5.tgz#1b61c0562190a8dff6ae3bb2cf0200ca130b86d4"

esprima@^4.0.0:
  version "4.0.1"
  resolved "https://registry.yarnpkg.com/esprima/-/esprima-4.0.1.tgz#13b04cdb3e6c5d19df91ab6987a8695619b0aa71"

extend@^3.0.0:
  version "3.0.2"
  resolved "https://registry.yarnpkg.com/extend/-/extend-3.0.2.tgz#f8b1136b4071fbd8eb140aff858b1019ec2915fa"

fault@^1.0.0:
  version "1.0.1"
  resolved "https://registry.yarnpkg.com/fault/-/fault-1.0.1.tgz#de8d350dfd48be24b5dc1b02867e0871b9135092"
  dependencies:
    format "^0.2.2"

fault@^1.0.2:
  version "1.0.2"
  resolved "https://registry.yarnpkg.com/fault/-/fault-1.0.2.tgz#c3d0fec202f172a3a4d414042ad2bb5e2a3ffbaa"
  dependencies:
    format "^0.2.2"

figgy-pudding@^3.5.1:
  version "3.5.2"
  resolved "https://registry.yarnpkg.com/figgy-pudding/-/figgy-pudding-3.5.2.tgz#b4eee8148abb01dcf1d1ac34367d59e12fa61d6e"

figures@^3.0.0:
  version "3.2.0"
  resolved "https://registry.yarnpkg.com/figures/-/figures-3.2.0.tgz#625c18bd293c604dc4a8ddb2febf0c88341746af"
  dependencies:
    escape-string-regexp "^1.0.5"

fill-range@^7.0.1:
  version "7.0.1"
  resolved "https://registry.yarnpkg.com/fill-range/-/fill-range-7.0.1.tgz#1919a6a7c75fe38b2c7c77e5198535da9acdda40"
  dependencies:
    to-regex-range "^5.0.1"

find-up@^3.0.0:
  version "3.0.0"
  resolved "https://registry.yarnpkg.com/find-up/-/find-up-3.0.0.tgz#49169f1d7993430646da61ecc5ae355c21c97b73"
  dependencies:
    locate-path "^3.0.0"

for-in@^1.0.1:
  version "1.0.2"
  resolved "https://registry.yarnpkg.com/for-in/-/for-in-1.0.2.tgz#81068d295a8142ec0ac726c6e2200c30fb6d5e80"

for-own@^1.0.0:
  version "1.0.0"
  resolved "https://registry.yarnpkg.com/for-own/-/for-own-1.0.0.tgz#c63332f415cedc4b04dbfe70cf836494c53cb44b"
  dependencies:
    for-in "^1.0.1"

format@^0.2.2:
  version "0.2.2"
  resolved "https://registry.yarnpkg.com/format/-/format-0.2.2.tgz#d6170107e9efdc4ed30c9dc39016df942b5cb58b"

fs.realpath@^1.0.0:
  version "1.0.0"
  resolved "https://registry.yarnpkg.com/fs.realpath/-/fs.realpath-1.0.0.tgz#1504ad2523158caa40db4a2787cb01411994ea4f"

fsevents@~2.1.2:
  version "2.1.3"
  resolved "https://registry.yarnpkg.com/fsevents/-/fsevents-2.1.3.tgz#fb738703ae8d2f9fe900c33836ddebee8b97f23e"

glob-parent@~5.1.0:
  version "5.1.1"
  resolved "https://registry.yarnpkg.com/glob-parent/-/glob-parent-5.1.1.tgz#b6c1ef417c4e5663ea498f1c45afac6916bbc229"
  dependencies:
    is-glob "^4.0.1"

glob@^7.0.3:
  version "7.1.2"
  resolved "https://registry.yarnpkg.com/glob/-/glob-7.1.2.tgz#c19c9df9a028702d678612384a6552404c636d15"
  dependencies:
    fs.realpath "^1.0.0"
    inflight "^1.0.4"
    inherits "2"
    minimatch "^3.0.4"
    once "^1.3.0"
    path-is-absolute "^1.0.0"

has-flag@^2.0.0:
  version "2.0.0"
  resolved "https://registry.yarnpkg.com/has-flag/-/has-flag-2.0.0.tgz#e8207af1cc7b30d446cc70b734b5e8be18f88d51"

has-flag@^3.0.0:
  version "3.0.0"
  resolved "https://registry.yarnpkg.com/has-flag/-/has-flag-3.0.0.tgz#b5d454dc2199ae225699f3467e5a07f3b955bafd"

has-flag@^4.0.0:
  version "4.0.0"
  resolved "https://registry.yarnpkg.com/has-flag/-/has-flag-4.0.0.tgz#944771fd9c81c81265c4d6941860da06bb59479b"

ignore@^5.0.0:
  version "5.1.8"
  resolved "https://registry.yarnpkg.com/ignore/-/ignore-5.1.8.tgz#f150a8b50a34289b33e22f5889abd4d8016f0e57"

inflight@^1.0.4:
  version "1.0.6"
  resolved "https://registry.yarnpkg.com/inflight/-/inflight-1.0.6.tgz#49bd6331d7d02d0c09bc910a1075ba8165b56df9"
  dependencies:
    once "^1.3.0"
    wrappy "1"

inherits@2, inherits@^2.0.3:
  version "2.0.3"
  resolved "https://registry.yarnpkg.com/inherits/-/inherits-2.0.3.tgz#633c2c83e3da42a502f52466022480f4208261de"

ini@^1.3.5:
  version "1.3.7"
  resolved "https://registry.yarnpkg.com/ini/-/ini-1.3.7.tgz#a09363e1911972ea16d7a8851005d84cf09a9a84"

is-alphabetical@^1.0.0:
  version "1.0.1"
  resolved "https://registry.yarnpkg.com/is-alphabetical/-/is-alphabetical-1.0.1.tgz#c77079cc91d4efac775be1034bf2d243f95e6f08"

is-alphanumerical@^1.0.0:
  version "1.0.1"
  resolved "https://registry.yarnpkg.com/is-alphanumerical/-/is-alphanumerical-1.0.1.tgz#dfb4aa4d1085e33bdb61c2dee9c80e9c6c19f53b"
  dependencies:
    is-alphabetical "^1.0.0"
    is-decimal "^1.0.0"

is-arrayish@^0.2.1:
  version "0.2.1"
  resolved "https://registry.yarnpkg.com/is-arrayish/-/is-arrayish-0.2.1.tgz#77c99840527aa8ecb1a8ba697b80645a7a926a9d"

is-binary-path@~2.1.0:
  version "2.1.0"
  resolved "https://registry.yarnpkg.com/is-binary-path/-/is-binary-path-2.1.0.tgz#ea1f7f3b80f064236e83470f86c09c254fb45b09"
  dependencies:
    binary-extensions "^2.0.0"

is-buffer@^2.0.0:
  version "2.0.3"
  resolved "https://registry.yarnpkg.com/is-buffer/-/is-buffer-2.0.3.tgz#4ecf3fcf749cbd1e472689e109ac66261a25e725"

is-decimal@^1.0.0:
  version "1.0.1"
  resolved "https://registry.yarnpkg.com/is-decimal/-/is-decimal-1.0.1.tgz#f5fb6a94996ad9e8e3761fbfbd091f1fca8c4e82"

is-decimal@^1.0.2:
  version "1.0.3"
  resolved "https://registry.yarnpkg.com/is-decimal/-/is-decimal-1.0.3.tgz#381068759b9dc807d8c0dc0bfbae2b68e1da48b7"

is-empty@^1.0.0:
  version "1.2.0"
  resolved "https://registry.yarnpkg.com/is-empty/-/is-empty-1.2.0.tgz#de9bb5b278738a05a0b09a57e1fb4d4a341a9f6b"

is-extglob@^2.1.1:
  version "2.1.1"
  resolved "https://registry.yarnpkg.com/is-extglob/-/is-extglob-2.1.1.tgz#a88c02535791f02ed37c76a1b9ea9773c833f8c2"

is-fullwidth-code-point@^3.0.0:
  version "3.0.0"
  resolved "https://registry.yarnpkg.com/is-fullwidth-code-point/-/is-fullwidth-code-point-3.0.0.tgz#f116f8064fe90b3f7844a38997c0b75051269f1d"

is-glob@^4.0.1, is-glob@~4.0.1:
  version "4.0.1"
  resolved "https://registry.yarnpkg.com/is-glob/-/is-glob-4.0.1.tgz#7567dbe9f2f5e2467bc77ab83c4a29482407a5dc"
  dependencies:
    is-extglob "^2.1.1"

is-hexadecimal@^1.0.0:
  version "1.0.1"
  resolved "https://registry.yarnpkg.com/is-hexadecimal/-/is-hexadecimal-1.0.1.tgz#6e084bbc92061fbb0971ec58b6ce6d404e24da69"

is-number@^7.0.0:
  version "7.0.0"
  resolved "https://registry.yarnpkg.com/is-number/-/is-number-7.0.0.tgz#7535345b896734d5f80c4d06c50955527a14f12b"

is-plain-obj@^2.0.0:
  version "2.0.0"
  resolved "https://registry.yarnpkg.com/is-plain-obj/-/is-plain-obj-2.0.0.tgz#7fd1a7f1b69e160cde9181d2313f445c68aa2679"

isobject@^3.0.0:
  version "3.0.1"
  resolved "https://registry.yarnpkg.com/isobject/-/isobject-3.0.1.tgz#4e431e92b11a9731636aa1f9c8d1ccbcfdab78df"

js-tokens@^4.0.0:
  version "4.0.0"
  resolved "https://registry.yarnpkg.com/js-tokens/-/js-tokens-4.0.0.tgz#19203fb59991df98e3a287050d4647cdeaf32499"

js-yaml@^3.6.1:
  version "3.14.1"
  resolved "https://registry.yarnpkg.com/js-yaml/-/js-yaml-3.14.1.tgz#dae812fdb3825fa306609a8717383c50c36a0537"
  dependencies:
    argparse "^1.0.7"
    esprima "^4.0.0"

json-parse-better-errors@^1.0.1:
  version "1.0.2"
  resolved "https://registry.yarnpkg.com/json-parse-better-errors/-/json-parse-better-errors-1.0.2.tgz#bb867cfb3450e69107c131d1c514bab3dc8bcaa9"

json5@^2.0.0:
  version "2.1.3"
  resolved "https://registry.yarnpkg.com/json5/-/json5-2.1.3.tgz#c9b0f7fa9233bfe5807fe66fcf3a5617ed597d43"
  dependencies:
    minimist "^1.2.5"

libnpmconfig@^1.0.0:
  version "1.2.1"
  resolved "https://registry.yarnpkg.com/libnpmconfig/-/libnpmconfig-1.2.1.tgz#c0c2f793a74e67d4825e5039e7a02a0044dfcbc0"
  dependencies:
    figgy-pudding "^3.5.1"
    find-up "^3.0.0"
    ini "^1.3.5"

lines-and-columns@^1.1.6:
  version "1.1.6"
  resolved "https://registry.yarnpkg.com/lines-and-columns/-/lines-and-columns-1.1.6.tgz#1c00c743b433cd0a4e80758f7b64a57440d9ff00"

load-plugin@^3.0.0:
  version "3.0.0"
  resolved "https://registry.yarnpkg.com/load-plugin/-/load-plugin-3.0.0.tgz#8f3ce57cf4e5111639911012487bc1c2ba3d0e6c"
  dependencies:
    libnpmconfig "^1.0.0"
    resolve-from "^5.0.0"

locate-path@^3.0.0:
  version "3.0.0"
  resolved "https://registry.yarnpkg.com/locate-path/-/locate-path-3.0.0.tgz#dbec3b3ab759758071b58fe59fc41871af21400e"
  dependencies:
    p-locate "^3.0.0"
    path-exists "^3.0.0"

longest-streak@^2.0.0:
  version "2.0.4"
  resolved "https://registry.yarnpkg.com/longest-streak/-/longest-streak-2.0.4.tgz#b8599957da5b5dab64dee3fe316fa774597d90e4"

markdown-extensions@^1.1.0:
  version "1.1.0"
  resolved "https://registry.yarnpkg.com/markdown-extensions/-/markdown-extensions-1.1.0.tgz#fba0f1a2ebb4f4123d25b7a93bc35792c11f504e"

mdast-comment-marker@^1.0.0:
  version "1.0.2"
  resolved "https://registry.yarnpkg.com/mdast-comment-marker/-/mdast-comment-marker-1.0.2.tgz#1ddf0ef811fb52439017c8d2c0b922035f2ba74a"

mdast-util-from-markdown@^0.8.0:
  version "0.8.0"
  resolved "https://registry.yarnpkg.com/mdast-util-from-markdown/-/mdast-util-from-markdown-0.8.0.tgz#0a13c0161a2974246bcb294cc77ff6858ef9c082"
  dependencies:
    "@types/mdast" "^3.0.0"
    mdast-util-to-string "^1.0.0"
    micromark "~2.10.0"
    parse-entities "^2.0.0"

mdast-util-heading-style@^1.0.2:
  version "1.0.3"
  resolved "https://registry.yarnpkg.com/mdast-util-heading-style/-/mdast-util-heading-style-1.0.3.tgz#efb390dbc8aa016c3cf577a034900db27ee7247c"

mdast-util-to-markdown@^0.5.0:
  version "0.5.1"
  resolved "https://registry.yarnpkg.com/mdast-util-to-markdown/-/mdast-util-to-markdown-0.5.1.tgz#4a72a168f8a7b2c5506877498095144d32dcb026"
  dependencies:
    "@types/unist" "^2.0.0"
    longest-streak "^2.0.0"
    mdast-util-to-string "^1.0.0"
    parse-entities "^2.0.0"
    repeat-string "^1.0.0"
    stringify-entities "^3.0.0"
    zwitch "^1.0.0"

mdast-util-to-string@^1.0.0, mdast-util-to-string@^1.0.2:
  version "1.0.4"
  resolved "https://registry.yarnpkg.com/mdast-util-to-string/-/mdast-util-to-string-1.0.4.tgz#5c455c878c9355f0c1e7f3e8b719cf583691acfb"

micromark@~2.10.0:
  version "2.10.1"
  resolved "https://registry.yarnpkg.com/micromark/-/micromark-2.10.1.tgz#cd73f54e0656f10e633073db26b663a221a442a7"
  dependencies:
    debug "^4.0.0"
    parse-entities "^2.0.0"

minimatch@^3.0.4:
  version "3.0.4"
  resolved "https://registry.yarnpkg.com/minimatch/-/minimatch-3.0.4.tgz#5166e286457f03306064be5497e8dbb0c3d32083"
  dependencies:
    brace-expansion "^1.1.7"

minimist@^1.2.0, minimist@^1.2.5:
  version "1.2.5"
  resolved "https://registry.yarnpkg.com/minimist/-/minimist-1.2.5.tgz#67d66014b66a6a8aaa0c083c5fd58df4e4e97602"

ms@^2.1.1:
  version "2.1.1"
  resolved "https://registry.yarnpkg.com/ms/-/ms-2.1.1.tgz#30a5864eb3ebb0a66f2ebe6d727af06a09d86e0a"

normalize-path@^3.0.0, normalize-path@~3.0.0:
  version "3.0.0"
  resolved "https://registry.yarnpkg.com/normalize-path/-/normalize-path-3.0.0.tgz#0dcd69ff23a1c9b11fd0978316644a0388216a65"

object.defaults@^1.1.0:
  version "1.1.0"
  resolved "https://registry.yarnpkg.com/object.defaults/-/object.defaults-1.1.0.tgz#3a7f868334b407dea06da16d88d5cd29e435fecf"
  dependencies:
    array-each "^1.0.1"
    array-slice "^1.0.0"
    for-own "^1.0.0"
    isobject "^3.0.0"

once@^1.3.0:
  version "1.4.0"
  resolved "https://registry.yarnpkg.com/once/-/once-1.4.0.tgz#583b1aa775961d4b113ac17d9c50baef9dd76bd1"
  dependencies:
    wrappy "1"

p-limit@^2.0.0:
  version "2.3.0"
  resolved "https://registry.yarnpkg.com/p-limit/-/p-limit-2.3.0.tgz#3dd33c647a214fdfffd835933eb086da0dc21db1"
  dependencies:
    p-try "^2.0.0"

p-locate@^3.0.0:
  version "3.0.0"
  resolved "https://registry.yarnpkg.com/p-locate/-/p-locate-3.0.0.tgz#322d69a05c0264b25997d9f40cd8a891ab0064a4"
  dependencies:
    p-limit "^2.0.0"

p-try@^2.0.0:
  version "2.2.0"
  resolved "https://registry.yarnpkg.com/p-try/-/p-try-2.2.0.tgz#cb2868540e313d61de58fafbe35ce9004d5540e6"

parse-entities@^2.0.0:
  version "2.0.0"
  resolved "https://registry.yarnpkg.com/parse-entities/-/parse-entities-2.0.0.tgz#53c6eb5b9314a1f4ec99fa0fdf7ce01ecda0cbe8"
  dependencies:
    character-entities "^1.0.0"
    character-entities-legacy "^1.0.0"
    character-reference-invalid "^1.0.0"
    is-alphanumerical "^1.0.0"
    is-decimal "^1.0.0"
    is-hexadecimal "^1.0.0"

parse-json@^5.0.0:
  version "5.0.0"
  resolved "https://registry.yarnpkg.com/parse-json/-/parse-json-5.0.0.tgz#73e5114c986d143efa3712d4ea24db9a4266f60f"
  dependencies:
    "@babel/code-frame" "^7.0.0"
    error-ex "^1.3.1"
    json-parse-better-errors "^1.0.1"
    lines-and-columns "^1.1.6"

path-exists@^3.0.0:
  version "3.0.0"
  resolved "https://registry.yarnpkg.com/path-exists/-/path-exists-3.0.0.tgz#ce0ebeaa5f78cb18925ea7d810d7b59b010fd515"

path-is-absolute@^1.0.0:
  version "1.0.1"
  resolved "https://registry.yarnpkg.com/path-is-absolute/-/path-is-absolute-1.0.1.tgz#174b9268735534ffbc7ace6bf53a5a9e1b5c5f5f"

picomatch@^2.0.4, picomatch@^2.2.1:
  version "2.2.2"
  resolved "https://registry.yarnpkg.com/picomatch/-/picomatch-2.2.2.tgz#21f333e9b6b8eaff02468f5146ea406d345f4dad"

pluralize@^8.0.0:
  version "8.0.0"
  resolved "https://registry.yarnpkg.com/pluralize/-/pluralize-8.0.0.tgz#1a6fa16a38d12a1901e0320fa017051c539ce3b1"

readable-stream@^3.0.2:
  version "3.6.0"
  resolved "https://registry.yarnpkg.com/readable-stream/-/readable-stream-3.6.0.tgz#337bbda3adc0706bd3e024426a286d4b4b2c9198"
  dependencies:
    inherits "^2.0.3"
    string_decoder "^1.1.1"
    util-deprecate "^1.0.1"

readdirp@~3.4.0:
  version "3.4.0"
  resolved "https://registry.yarnpkg.com/readdirp/-/readdirp-3.4.0.tgz#9fdccdf9e9155805449221ac645e8303ab5b9ada"
  dependencies:
    picomatch "^2.2.1"

remark-cli@^9.0.0:
  version "9.0.0"
  resolved "https://registry.yarnpkg.com/remark-cli/-/remark-cli-9.0.0.tgz#6f7951e7a72217535f2e32b7a6d3f638fe182f86"
  dependencies:
    markdown-extensions "^1.1.0"
    remark "^13.0.0"
    unified-args "^8.0.0"

remark-lint-alphabetize-lists@^3.0.0:
  version "3.0.0"
  resolved "https://registry.yarnpkg.com/remark-lint-alphabetize-lists/-/remark-lint-alphabetize-lists-3.0.0.tgz#34fa3f9c1eb715a787957cd5089c9c4bc7bf5c7d"
  dependencies:
    mdast-util-to-string "^1.0.0"
    unified-lint-rule "^1.0.5"
    unist-util-visit "^1.0.0"

remark-lint-are-links-valid-core@^0.2.1:
  version "0.2.1"
  resolved "https://registry.yarnpkg.com/remark-lint-are-links-valid-core/-/remark-lint-are-links-valid-core-0.2.1.tgz#c2cd5dde5535793ea0985de45748db6035f46cc0"
  dependencies:
    object.defaults "^1.1.0"
    unified-lint-rule "^1.0.1"
    unist-util-visit "^1.1.3"

remark-lint-are-links-valid-duplicate@^0.2.2:
  version "0.2.2"
  resolved "https://registry.yarnpkg.com/remark-lint-are-links-valid-duplicate/-/remark-lint-are-links-valid-duplicate-0.2.2.tgz#89009e95741edac5d44badfcc9484e7762d55dd6"
  dependencies:
    remark-lint-are-links-valid-core "^0.2.1"

remark-lint-final-newline@^1.0.0:
  version "1.0.0"
  resolved "https://registry.yarnpkg.com/remark-lint-final-newline/-/remark-lint-final-newline-1.0.0.tgz#8d935502b44384b98716a8fe109e44272eb72321"
  dependencies:
    unified-lint-rule "^1.0.0"

remark-lint-hard-break-spaces@^2.0.0:
  version "2.0.0"
  resolved "https://registry.yarnpkg.com/remark-lint-hard-break-spaces/-/remark-lint-hard-break-spaces-2.0.0.tgz#266c2b59f63203edd4a5a6d004f63cb7f7142d14"
  dependencies:
    unified-lint-rule "^1.0.0"
    unist-util-generated "^1.1.0"
    unist-util-position "^3.0.0"
    unist-util-visit "^2.0.0"

remark-lint-list-item-bullet-indent@^2.0.0:
  version "2.0.0"
  resolved "https://registry.yarnpkg.com/remark-lint-list-item-bullet-indent/-/remark-lint-list-item-bullet-indent-2.0.0.tgz#895e71cdeb7b0c37eab4abb7b2e1ae3b61275a6f"
  dependencies:
    pluralize "^8.0.0"
    unified-lint-rule "^1.0.0"
    unist-util-generated "^1.1.0"
    unist-util-position "^3.0.0"
    unist-util-visit "^2.0.0"

remark-lint-list-item-indent@^2.0.0:
  version "2.0.0"
  resolved "https://registry.yarnpkg.com/remark-lint-list-item-indent/-/remark-lint-list-item-indent-2.0.0.tgz#88b47c12ca487b639cef10520bf445c5f609c190"
  dependencies:
    pluralize "^8.0.0"
    unified-lint-rule "^1.0.0"
    unist-util-generated "^1.1.0"
    unist-util-position "^3.0.0"
    unist-util-visit "^2.0.0"

remark-lint-no-auto-link-without-protocol@^2.0.0:
  version "2.0.0"
  resolved "https://registry.yarnpkg.com/remark-lint-no-auto-link-without-protocol/-/remark-lint-no-auto-link-without-protocol-2.0.0.tgz#e245d7841a08ad5197113aad05110456b1c78ab9"
  dependencies:
    mdast-util-to-string "^1.0.2"
    unified-lint-rule "^1.0.0"
    unist-util-generated "^1.1.0"
    unist-util-position "^3.0.0"
    unist-util-visit "^2.0.0"

remark-lint-no-blockquote-without-marker@^3.0.0:
  version "3.0.0"
  resolved "https://registry.yarnpkg.com/remark-lint-no-blockquote-without-marker/-/remark-lint-no-blockquote-without-marker-3.0.0.tgz#8790558a6b45e326434a89e36806f86ea59a82d1"
  dependencies:
    unified-lint-rule "^1.0.0"
    unist-util-generated "^1.1.0"
    unist-util-position "^3.0.0"
    unist-util-visit "^2.0.0"
    vfile-location "^3.0.0"

remark-lint-no-duplicate-definitions@^2.0.0:
  version "2.0.0"
  resolved "https://registry.yarnpkg.com/remark-lint-no-duplicate-definitions/-/remark-lint-no-duplicate-definitions-2.0.0.tgz#5e643440f0cd4390461ebfde8c5f7287a2cd5899"
  dependencies:
    unified-lint-rule "^1.0.0"
    unist-util-generated "^1.1.0"
    unist-util-position "^3.0.0"
    unist-util-stringify-position "^2.0.0"
    unist-util-visit "^2.0.0"

remark-lint-no-heading-content-indent@^2.0.0:
  version "2.0.0"
  resolved "https://registry.yarnpkg.com/remark-lint-no-heading-content-indent/-/remark-lint-no-heading-content-indent-2.0.0.tgz#1ffb32496c674ac276565daf49fea4c36d9c0ccb"
  dependencies:
    mdast-util-heading-style "^1.0.2"
    pluralize "^8.0.0"
    unified-lint-rule "^1.0.0"
    unist-util-generated "^1.1.0"
    unist-util-position "^3.0.0"
    unist-util-visit "^2.0.0"

remark-lint-no-inline-padding@^2.0.0:
  version "2.0.0"
  resolved "https://registry.yarnpkg.com/remark-lint-no-inline-padding/-/remark-lint-no-inline-padding-2.0.0.tgz#fc1b997a939477def3fc69198c2a7d43169e25a9"
  dependencies:
    mdast-util-to-string "^1.0.2"
    unified-lint-rule "^1.0.0"
    unist-util-generated "^1.1.0"
    unist-util-visit "^2.0.0"

remark-lint-no-literal-urls@^2.0.0:
  version "2.0.0"
  resolved "https://registry.yarnpkg.com/remark-lint-no-literal-urls/-/remark-lint-no-literal-urls-2.0.0.tgz#54a51fe5439242e4fa58458b259add440c2dcd4c"
  dependencies:
    mdast-util-to-string "^1.0.2"
    unified-lint-rule "^1.0.0"
    unist-util-generated "^1.1.0"
    unist-util-position "^3.0.0"
    unist-util-visit "^2.0.0"

remark-lint-no-shortcut-reference-image@^2.0.0:
  version "2.0.0"
  resolved "https://registry.yarnpkg.com/remark-lint-no-shortcut-reference-image/-/remark-lint-no-shortcut-reference-image-2.0.0.tgz#098071db5187b8980b222258a6a6ef0017b3599d"
  dependencies:
    unified-lint-rule "^1.0.0"
    unist-util-generated "^1.1.0"
    unist-util-visit "^2.0.0"

remark-lint-no-shortcut-reference-link@^2.0.0:
  version "2.0.0"
  resolved "https://registry.yarnpkg.com/remark-lint-no-shortcut-reference-link/-/remark-lint-no-shortcut-reference-link-2.0.0.tgz#a9e195744f2bb469b1ba6d85d48d0015100a9909"
  dependencies:
    unified-lint-rule "^1.0.0"
    unist-util-generated "^1.1.0"
    unist-util-visit "^2.0.0"

remark-lint-no-undefined-references@^2.0.0:
  version "2.0.0"
  resolved "https://registry.yarnpkg.com/remark-lint-no-undefined-references/-/remark-lint-no-undefined-references-2.0.0.tgz#ec2a45cd19d36a5d9ce16df0a044496881143119"
  dependencies:
    collapse-white-space "^1.0.4"
    unified-lint-rule "^1.0.0"
    unist-util-generated "^1.1.0"
    unist-util-visit "^2.0.0"

remark-lint-no-unused-definitions@^2.0.0:
  version "2.0.0"
  resolved "https://registry.yarnpkg.com/remark-lint-no-unused-definitions/-/remark-lint-no-unused-definitions-2.0.0.tgz#f622b6f129b8c073a4d75234a869211c213d66a7"
  dependencies:
    unified-lint-rule "^1.0.0"
    unist-util-generated "^1.1.0"
    unist-util-visit "^2.0.0"

remark-lint-ordered-list-marker-style@^2.0.0:
  version "2.0.0"
  resolved "https://registry.yarnpkg.com/remark-lint-ordered-list-marker-style/-/remark-lint-ordered-list-marker-style-2.0.0.tgz#0757ecb38ad7ec4ceeef8dcaa9558a969ef8ee2a"
  dependencies:
    unified-lint-rule "^1.0.0"
    unist-util-generated "^1.1.0"
    unist-util-position "^3.0.0"
    unist-util-visit "^2.0.0"

remark-lint@^7.0.0, remark-lint@^7.0.1:
  version "7.0.1"
  resolved "https://registry.yarnpkg.com/remark-lint/-/remark-lint-7.0.1.tgz#665a5cbea9f7c95e64593f69bb6816ee8343ffdf"
  dependencies:
    remark-message-control "^6.0.0"

remark-message-control@^6.0.0:
  version "6.0.0"
  resolved "https://registry.yarnpkg.com/remark-message-control/-/remark-message-control-6.0.0.tgz#955b054b38c197c9f2e35b1d88a4912949db7fc5"
  dependencies:
    mdast-comment-marker "^1.0.0"
    unified-message-control "^3.0.0"

remark-parse@^9.0.0:
  version "9.0.0"
  resolved "https://registry.yarnpkg.com/remark-parse/-/remark-parse-9.0.0.tgz#4d20a299665880e4f4af5d90b7c7b8a935853640"
  dependencies:
    mdast-util-from-markdown "^0.8.0"

remark-preset-lint-recommended@^4.0.1:
  version "4.0.1"
  resolved "https://registry.yarnpkg.com/remark-preset-lint-recommended/-/remark-preset-lint-recommended-4.0.1.tgz#2077b38706759277c0eb304c57453ebfa3e63207"
  dependencies:
    remark-lint "^7.0.0"
    remark-lint-final-newline "^1.0.0"
    remark-lint-hard-break-spaces "^2.0.0"
    remark-lint-list-item-bullet-indent "^2.0.0"
    remark-lint-list-item-indent "^2.0.0"
    remark-lint-no-auto-link-without-protocol "^2.0.0"
    remark-lint-no-blockquote-without-marker "^3.0.0"
    remark-lint-no-duplicate-definitions "^2.0.0"
    remark-lint-no-heading-content-indent "^2.0.0"
    remark-lint-no-inline-padding "^2.0.0"
    remark-lint-no-literal-urls "^2.0.0"
    remark-lint-no-shortcut-reference-image "^2.0.0"
    remark-lint-no-shortcut-reference-link "^2.0.0"
    remark-lint-no-undefined-references "^2.0.0"
    remark-lint-no-unused-definitions "^2.0.0"
    remark-lint-ordered-list-marker-style "^2.0.0"

remark-stringify@^9.0.0:
  version "9.0.0"
  resolved "https://registry.yarnpkg.com/remark-stringify/-/remark-stringify-9.0.0.tgz#8ba0c9e4167c42733832215a81550489759e3793"
  dependencies:
    mdast-util-to-markdown "^0.5.0"

remark@^13.0.0:
  version "13.0.0"
  resolved "https://registry.yarnpkg.com/remark/-/remark-13.0.0.tgz#d15d9bf71a402f40287ebe36067b66d54868e425"
  dependencies:
    remark-parse "^9.0.0"
    remark-stringify "^9.0.0"
    unified "^9.1.0"

repeat-string@^1.0.0, repeat-string@^1.5.0:
  version "1.6.1"
  resolved "https://registry.yarnpkg.com/repeat-string/-/repeat-string-1.6.1.tgz#8dcae470e1c88abc2d600fff4a776286da75e637"

replace-ext@1.0.0:
  version "1.0.0"
  resolved "https://registry.yarnpkg.com/replace-ext/-/replace-ext-1.0.0.tgz#de63128373fcbf7c3ccfa4de5a480c45a67958eb"

resolve-from@^5.0.0:
  version "5.0.0"
  resolved "https://registry.yarnpkg.com/resolve-from/-/resolve-from-5.0.0.tgz#c35225843df8f776df21c57557bc087e9dfdfc69"

safe-buffer@~5.2.0:
  version "5.2.1"
  resolved "https://registry.yarnpkg.com/safe-buffer/-/safe-buffer-5.2.1.tgz#1eaf9fa9bdb1fdd4ec75f58f9cdb4e6b7827eec6"

sliced@^1.0.1:
  version "1.0.1"
  resolved "https://registry.yarnpkg.com/sliced/-/sliced-1.0.1.tgz#0b3a662b5d04c3177b1926bea82b03f837a2ef41"

sprintf-js@~1.0.2:
  version "1.0.3"
  resolved "https://registry.yarnpkg.com/sprintf-js/-/sprintf-js-1.0.3.tgz#04e6926f662895354f3dd015203633b857297e2c"

string-width@^4.0.0:
  version "4.2.0"
  resolved "https://registry.yarnpkg.com/string-width/-/string-width-4.2.0.tgz#952182c46cc7b2c313d1596e623992bd163b72b5"
  dependencies:
    emoji-regex "^8.0.0"
    is-fullwidth-code-point "^3.0.0"
    strip-ansi "^6.0.0"

string_decoder@^1.1.1:
  version "1.3.0"
  resolved "https://registry.yarnpkg.com/string_decoder/-/string_decoder-1.3.0.tgz#42f114594a46cf1a8e30b0a84f56c78c3edac21e"
  dependencies:
    safe-buffer "~5.2.0"

stringify-entities@^3.0.0:
  version "3.0.0"
  resolved "https://registry.yarnpkg.com/stringify-entities/-/stringify-entities-3.0.0.tgz#455abe501f8b7859ba5726a25a8872333c65b0a7"
  dependencies:
    character-entities-html4 "^1.0.0"
    character-entities-legacy "^1.0.0"
    is-alphanumerical "^1.0.0"
    is-decimal "^1.0.2"
    is-hexadecimal "^1.0.0"

strip-ansi@^6.0.0:
  version "6.0.0"
  resolved "https://registry.yarnpkg.com/strip-ansi/-/strip-ansi-6.0.0.tgz#0b1571dd7669ccd4f3e06e14ef1eed26225ae532"
  dependencies:
    ansi-regex "^5.0.0"

supports-color@^4.0.0:
  version "4.2.1"
  resolved "https://registry.yarnpkg.com/supports-color/-/supports-color-4.2.1.tgz#65a4bb2631e90e02420dba5554c375a4754bb836"
  dependencies:
    has-flag "^2.0.0"

supports-color@^6.0.0:
  version "6.1.0"
  resolved "https://registry.yarnpkg.com/supports-color/-/supports-color-6.1.0.tgz#0764abc69c63d5ac842dd4867e8d025e880df8f3"
  dependencies:
    has-flag "^3.0.0"

supports-color@^7.1.0:
  version "7.1.0"
  resolved "https://registry.yarnpkg.com/supports-color/-/supports-color-7.1.0.tgz#68e32591df73e25ad1c4b49108a2ec507962bfd1"
  dependencies:
    has-flag "^4.0.0"

text-table@^0.2.0:
  version "0.2.0"
  resolved "https://registry.yarnpkg.com/text-table/-/text-table-0.2.0.tgz#7f5ee823ae805207c00af2df4a84ec3fcfa570b4"

to-regex-range@^5.0.1:
  version "5.0.1"
  resolved "https://registry.yarnpkg.com/to-regex-range/-/to-regex-range-5.0.1.tgz#1648c44aae7c8d988a326018ed72f5b4dd0392e4"
  dependencies:
    is-number "^7.0.0"

to-vfile@^6.0.0:
  version "6.1.0"
  resolved "https://registry.yarnpkg.com/to-vfile/-/to-vfile-6.1.0.tgz#5f7a3f65813c2c4e34ee1f7643a5646344627699"
  dependencies:
    is-buffer "^2.0.0"
    vfile "^4.0.0"

trough@^1.0.0:
  version "1.0.1"
  resolved "https://registry.yarnpkg.com/trough/-/trough-1.0.1.tgz#a9fd8b0394b0ae8fff82e0633a0a36ccad5b5f86"

typedarray@^0.0.6:
  version "0.0.6"
  resolved "https://registry.yarnpkg.com/typedarray/-/typedarray-0.0.6.tgz#867ac74e3864187b1d3d47d996a78ec5c8830777"

unified-args@^8.0.0:
  version "8.1.0"
  resolved "https://registry.yarnpkg.com/unified-args/-/unified-args-8.1.0.tgz#a27dbe996a49fbbf3d9f5c6a98008ab9b0ee6ae5"
  dependencies:
    camelcase "^5.0.0"
    chalk "^3.0.0"
    chokidar "^3.0.0"
    fault "^1.0.2"
    json5 "^2.0.0"
    minimist "^1.2.0"
    text-table "^0.2.0"
    unified-engine "^8.0.0"

unified-engine@^8.0.0:
  version "8.0.0"
  resolved "https://registry.yarnpkg.com/unified-engine/-/unified-engine-8.0.0.tgz#e3996ff6eaecc6ca3408af92b70e25691192d17d"
  dependencies:
    concat-stream "^2.0.0"
    debug "^4.0.0"
    fault "^1.0.0"
    figures "^3.0.0"
    glob "^7.0.3"
    ignore "^5.0.0"
    is-buffer "^2.0.0"
    is-empty "^1.0.0"
    is-plain-obj "^2.0.0"
    js-yaml "^3.6.1"
    load-plugin "^3.0.0"
    parse-json "^5.0.0"
    to-vfile "^6.0.0"
    trough "^1.0.0"
    unist-util-inspect "^5.0.0"
    vfile-reporter "^6.0.0"
    vfile-statistics "^1.1.0"

unified-lint-rule@^1.0.0, unified-lint-rule@^1.0.1, unified-lint-rule@^1.0.5:
  version "1.0.5"
  resolved "https://registry.yarnpkg.com/unified-lint-rule/-/unified-lint-rule-1.0.5.tgz#41dcac68a283bfc4b4ff6014e370cc8931eb4b5d"
  dependencies:
    wrapped "^1.0.1"

unified-message-control@^3.0.0:
  version "3.0.1"
  resolved "https://registry.yarnpkg.com/unified-message-control/-/unified-message-control-3.0.1.tgz#7018855daea9af96082cbea35970d48c9c4dbbf2"
  dependencies:
    unist-util-visit "^2.0.0"
    vfile-location "^3.0.0"

unified@^9.1.0:
  version "9.2.0"
  resolved "https://registry.yarnpkg.com/unified/-/unified-9.2.0.tgz#67a62c627c40589edebbf60f53edfd4d822027f8"
  dependencies:
    bail "^1.0.0"
    extend "^3.0.0"
    is-buffer "^2.0.0"
    is-plain-obj "^2.0.0"
    trough "^1.0.0"
    vfile "^4.0.0"

unist-util-generated@^1.1.0:
  version "1.1.1"
  resolved "https://registry.yarnpkg.com/unist-util-generated/-/unist-util-generated-1.1.1.tgz#99f16c78959ac854dee7c615c291924c8bf4de7f"

unist-util-inspect@^5.0.0:
  version "5.0.1"
  resolved "https://registry.yarnpkg.com/unist-util-inspect/-/unist-util-inspect-5.0.1.tgz#168c8770a99902318ca268f8c391e294bcf44540"
  dependencies:
    is-empty "^1.0.0"

unist-util-is@^4.0.0:
  version "4.0.2"
  resolved "https://registry.yarnpkg.com/unist-util-is/-/unist-util-is-4.0.2.tgz#c7d1341188aa9ce5b3cff538958de9895f14a5de"

unist-util-position@^3.0.0:
  version "3.0.0"
  resolved "https://registry.yarnpkg.com/unist-util-position/-/unist-util-position-3.0.0.tgz#e6e1e03eeeb81c5e1afe553e8d4adfbd7c0d8f82"

unist-util-stringify-position@^2.0.0:
  version "2.0.1"
  resolved "https://registry.yarnpkg.com/unist-util-stringify-position/-/unist-util-stringify-position-2.0.1.tgz#de2a2bc8d3febfa606652673a91455b6a36fb9f3"
  dependencies:
    "@types/unist" "^2.0.2"

unist-util-visit-parents@^3.0.0:
  version "3.0.2"
  resolved "https://registry.yarnpkg.com/unist-util-visit-parents/-/unist-util-visit-parents-3.0.2.tgz#d4076af3011739c71d2ce99d05de37d545f4351d"
  dependencies:
    "@types/unist" "^2.0.0"
    unist-util-is "^4.0.0"

unist-util-visit@^1.0.0, unist-util-visit@^1.1.3:
  version "1.1.3"
  resolved "https://registry.yarnpkg.com/unist-util-visit/-/unist-util-visit-1.1.3.tgz#ec268e731b9d277a79a5b5aa0643990e405d600b"

unist-util-visit@^2.0.0:
  version "2.0.2"
  resolved "https://registry.yarnpkg.com/unist-util-visit/-/unist-util-visit-2.0.2.tgz#3843782a517de3d2357b4c193b24af2d9366afb7"
  dependencies:
    "@types/unist" "^2.0.0"
    unist-util-is "^4.0.0"
    unist-util-visit-parents "^3.0.0"

util-deprecate@^1.0.1:
  version "1.0.2"
  resolved "https://registry.yarnpkg.com/util-deprecate/-/util-deprecate-1.0.2.tgz#450d4dc9fa70de732762fbd2d4a28981419a0ccf"

vfile-location@^3.0.0:
  version "3.0.1"
  resolved "https://registry.yarnpkg.com/vfile-location/-/vfile-location-3.0.1.tgz#d78677c3546de0f7cd977544c367266764d31bb3"

vfile-message@^2.0.0:
  version "2.0.1"
  resolved "https://registry.yarnpkg.com/vfile-message/-/vfile-message-2.0.1.tgz#951881861c22fc1eb39f873c0b93e336a64e8f6d"
  dependencies:
    "@types/unist" "^2.0.2"
    unist-util-stringify-position "^2.0.0"

vfile-reporter@^6.0.0:
  version "6.0.1"
  resolved "https://registry.yarnpkg.com/vfile-reporter/-/vfile-reporter-6.0.1.tgz#45d4dc11df2e312196ea2ceb95e42a67fc8ce814"
  dependencies:
    repeat-string "^1.5.0"
    string-width "^4.0.0"
    supports-color "^6.0.0"
    unist-util-stringify-position "^2.0.0"
    vfile-sort "^2.1.2"
    vfile-statistics "^1.1.0"

vfile-sort@^2.1.2:
  version "2.2.0"
  resolved "https://registry.yarnpkg.com/vfile-sort/-/vfile-sort-2.2.0.tgz#383a8727ec4c5daf37c05683684a5eb686366d39"

vfile-statistics@^1.1.0:
  version "1.1.0"
  resolved "https://registry.yarnpkg.com/vfile-statistics/-/vfile-statistics-1.1.0.tgz#02104c60fdeed1d11b1f73ad65330b7634b3d895"

vfile@^4.0.0:
  version "4.0.1"
  resolved "https://registry.yarnpkg.com/vfile/-/vfile-4.0.1.tgz#fc3d43a1c71916034216bf65926d5ee3c64ed60c"
  dependencies:
    "@types/unist" "^2.0.0"
    is-buffer "^2.0.0"
    replace-ext "1.0.0"
    unist-util-stringify-position "^2.0.0"
    vfile-message "^2.0.0"

wrapped@^1.0.1:
  version "1.0.1"
  resolved "https://registry.yarnpkg.com/wrapped/-/wrapped-1.0.1.tgz#c783d9d807b273e9b01e851680a938c87c907242"
  dependencies:
    co "3.1.0"
    sliced "^1.0.1"

wrappy@1:
  version "1.0.2"
  resolved "https://registry.yarnpkg.com/wrappy/-/wrappy-1.0.2.tgz#b5243d8f3ec1aa35f1364605bc0d1036e30ab69f"

zwitch@^1.0.0:
  version "1.0.5"
  resolved "https://registry.yarnpkg.com/zwitch/-/zwitch-1.0.5.tgz#d11d7381ffed16b742f6af7b3f223d5cd9fe9920"
